
Microsoft Visual Studio Solution File, Format Version 12.00
# Visual Studio Version 16
VisualStudioVersion = 16.0.29411.108
MinimumVisualStudioVersion = 10.0.40219.1
Project("{D954291E-2A0B-460D-934E-DC6B0785DB48}") = "XamlReload.Shared", "XamlReload\XamlReload.Shared\XamlReload.Shared.shproj", "{6279C845-92F8-4333-AB99-3D213163593C}"
EndProject
Project("{FAE04EC0-301F-11D3-BF4B-00C04F79EFBC}") = "XamlReload.Droid", "XamlReload\XamlReload.Droid\XamlReload.Droid.csproj", "{D5653093-4AC2-48AE-ACE3-9C6A580B386E}"
EndProject
Project("{FAE04EC0-301F-11D3-BF4B-00C04F79EFBC}") = "XamlReload.iOS", "XamlReload\XamlReload.iOS\XamlReload.iOS.csproj", "{3E10A644-2078-44A0-8E91-C8A02CA4821C}"
EndProject
Project("{FAE04EC0-301F-11D3-BF4B-00C04F79EFBC}") = "XamlReload.UWP", "XamlReload\XamlReload.UWP\XamlReload.UWP.csproj", "{2951DC8C-9C01-4DA3-98FC-4E55B51EFF9E}"
EndProject
Project("{9A19103F-16F7-4668-BE54-9A1E7A4F7556}") = "XamlReload.Wasm", "XamlReload\XamlReload.Wasm\XamlReload.Wasm.csproj", "{677E94BD-6441-4CB7-B7D6-91E17057D703}"
EndProject
Global
	GlobalSection(SharedMSBuildProjectFiles) = preSolution
		XamlReload\XamlReload.Shared\XamlReload.Shared.projitems*{2951dc8c-9c01-4da3-98fc-4e55b51eff9e}*SharedItemsImports = 4
		XamlReload\XamlReload.Shared\XamlReload.Shared.projitems*{3e10a644-2078-44a0-8e91-c8a02ca4821c}*SharedItemsImports = 4
		XamlReload\XamlReload.Shared\XamlReload.Shared.projitems*{6279c845-92f8-4333-ab99-3d213163593c}*SharedItemsImports = 13
		XamlReload\XamlReload.Shared\XamlReload.Shared.projitems*{d5653093-4ac2-48ae-ace3-9c6a580b386e}*SharedItemsImports = 4
	EndGlobalSection
	GlobalSection(SolutionConfigurationPlatforms) = preSolution
		Ad-Hoc|Any CPU = Ad-Hoc|Any CPU
		Ad-Hoc|ARM = Ad-Hoc|ARM
		Ad-Hoc|iPhone = Ad-Hoc|iPhone
		Ad-Hoc|iPhoneSimulator = Ad-Hoc|iPhoneSimulator
		Ad-Hoc|x64 = Ad-Hoc|x64
		Ad-Hoc|x86 = Ad-Hoc|x86
		AppStore|Any CPU = AppStore|Any CPU
		AppStore|ARM = AppStore|ARM
		AppStore|iPhone = AppStore|iPhone
		AppStore|iPhoneSimulator = AppStore|iPhoneSimulator
		AppStore|x64 = AppStore|x64
		AppStore|x86 = AppStore|x86
		Debug|Any CPU = Debug|Any CPU
		Debug|ARM = Debug|ARM
		Debug|iPhone = Debug|iPhone
		Debug|iPhoneSimulator = Debug|iPhoneSimulator
		Debug|x64 = Debug|x64
		Debug|x86 = Debug|x86
		Release|Any CPU = Release|Any CPU
		Release|ARM = Release|ARM
		Release|iPhone = Release|iPhone
		Release|iPhoneSimulator = Release|iPhoneSimulator
		Release|x64 = Release|x64
		Release|x86 = Release|x86
	EndGlobalSection
	GlobalSection(ProjectConfigurationPlatforms) = postSolution
		{D5653093-4AC2-48AE-ACE3-9C6A580B386E}.Ad-Hoc|Any CPU.ActiveCfg = Release|Any CPU
		{D5653093-4AC2-48AE-ACE3-9C6A580B386E}.Ad-Hoc|Any CPU.Build.0 = Release|Any CPU
		{D5653093-4AC2-48AE-ACE3-9C6A580B386E}.Ad-Hoc|Any CPU.Deploy.0 = Release|Any CPU
		{D5653093-4AC2-48AE-ACE3-9C6A580B386E}.Ad-Hoc|ARM.ActiveCfg = Release|Any CPU
		{D5653093-4AC2-48AE-ACE3-9C6A580B386E}.Ad-Hoc|ARM.Build.0 = Release|Any CPU
		{D5653093-4AC2-48AE-ACE3-9C6A580B386E}.Ad-Hoc|ARM.Deploy.0 = Release|Any CPU
		{D5653093-4AC2-48AE-ACE3-9C6A580B386E}.Ad-Hoc|iPhone.ActiveCfg = Release|Any CPU
		{D5653093-4AC2-48AE-ACE3-9C6A580B386E}.Ad-Hoc|iPhone.Build.0 = Release|Any CPU
		{D5653093-4AC2-48AE-ACE3-9C6A580B386E}.Ad-Hoc|iPhone.Deploy.0 = Release|Any CPU
		{D5653093-4AC2-48AE-ACE3-9C6A580B386E}.Ad-Hoc|iPhoneSimulator.ActiveCfg = Release|Any CPU
		{D5653093-4AC2-48AE-ACE3-9C6A580B386E}.Ad-Hoc|iPhoneSimulator.Build.0 = Release|Any CPU
		{D5653093-4AC2-48AE-ACE3-9C6A580B386E}.Ad-Hoc|iPhoneSimulator.Deploy.0 = Release|Any CPU
		{D5653093-4AC2-48AE-ACE3-9C6A580B386E}.Ad-Hoc|x64.ActiveCfg = Release|Any CPU
		{D5653093-4AC2-48AE-ACE3-9C6A580B386E}.Ad-Hoc|x64.Build.0 = Release|Any CPU
		{D5653093-4AC2-48AE-ACE3-9C6A580B386E}.Ad-Hoc|x64.Deploy.0 = Release|Any CPU
		{D5653093-4AC2-48AE-ACE3-9C6A580B386E}.Ad-Hoc|x86.ActiveCfg = Release|Any CPU
		{D5653093-4AC2-48AE-ACE3-9C6A580B386E}.Ad-Hoc|x86.Build.0 = Release|Any CPU
		{D5653093-4AC2-48AE-ACE3-9C6A580B386E}.Ad-Hoc|x86.Deploy.0 = Release|Any CPU
		{D5653093-4AC2-48AE-ACE3-9C6A580B386E}.AppStore|Any CPU.ActiveCfg = Release|Any CPU
		{D5653093-4AC2-48AE-ACE3-9C6A580B386E}.AppStore|Any CPU.Build.0 = Release|Any CPU
		{D5653093-4AC2-48AE-ACE3-9C6A580B386E}.AppStore|Any CPU.Deploy.0 = Release|Any CPU
		{D5653093-4AC2-48AE-ACE3-9C6A580B386E}.AppStore|ARM.ActiveCfg = Release|Any CPU
		{D5653093-4AC2-48AE-ACE3-9C6A580B386E}.AppStore|ARM.Build.0 = Release|Any CPU
		{D5653093-4AC2-48AE-ACE3-9C6A580B386E}.AppStore|ARM.Deploy.0 = Release|Any CPU
		{D5653093-4AC2-48AE-ACE3-9C6A580B386E}.AppStore|iPhone.ActiveCfg = Release|Any CPU
		{D5653093-4AC2-48AE-ACE3-9C6A580B386E}.AppStore|iPhone.Build.0 = Release|Any CPU
		{D5653093-4AC2-48AE-ACE3-9C6A580B386E}.AppStore|iPhone.Deploy.0 = Release|Any CPU
		{D5653093-4AC2-48AE-ACE3-9C6A580B386E}.AppStore|iPhoneSimulator.ActiveCfg = Release|Any CPU
		{D5653093-4AC2-48AE-ACE3-9C6A580B386E}.AppStore|iPhoneSimulator.Build.0 = Release|Any CPU
		{D5653093-4AC2-48AE-ACE3-9C6A580B386E}.AppStore|iPhoneSimulator.Deploy.0 = Release|Any CPU
		{D5653093-4AC2-48AE-ACE3-9C6A580B386E}.AppStore|x64.ActiveCfg = Release|Any CPU
		{D5653093-4AC2-48AE-ACE3-9C6A580B386E}.AppStore|x64.Build.0 = Release|Any CPU
		{D5653093-4AC2-48AE-ACE3-9C6A580B386E}.AppStore|x64.Deploy.0 = Release|Any CPU
		{D5653093-4AC2-48AE-ACE3-9C6A580B386E}.AppStore|x86.ActiveCfg = Release|Any CPU
		{D5653093-4AC2-48AE-ACE3-9C6A580B386E}.AppStore|x86.Build.0 = Release|Any CPU
		{D5653093-4AC2-48AE-ACE3-9C6A580B386E}.AppStore|x86.Deploy.0 = Release|Any CPU
		{D5653093-4AC2-48AE-ACE3-9C6A580B386E}.Debug|Any CPU.ActiveCfg = Debug|Any CPU
		{D5653093-4AC2-48AE-ACE3-9C6A580B386E}.Debug|Any CPU.Build.0 = Debug|Any CPU
		{D5653093-4AC2-48AE-ACE3-9C6A580B386E}.Debug|Any CPU.Deploy.0 = Debug|Any CPU
		{D5653093-4AC2-48AE-ACE3-9C6A580B386E}.Debug|ARM.ActiveCfg = Debug|Any CPU
		{D5653093-4AC2-48AE-ACE3-9C6A580B386E}.Debug|ARM.Build.0 = Debug|Any CPU
		{D5653093-4AC2-48AE-ACE3-9C6A580B386E}.Debug|ARM.Deploy.0 = Debug|Any CPU
		{D5653093-4AC2-48AE-ACE3-9C6A580B386E}.Debug|iPhone.ActiveCfg = Debug|Any CPU
		{D5653093-4AC2-48AE-ACE3-9C6A580B386E}.Debug|iPhone.Build.0 = Debug|Any CPU
		{D5653093-4AC2-48AE-ACE3-9C6A580B386E}.Debug|iPhone.Deploy.0 = Debug|Any CPU
		{D5653093-4AC2-48AE-ACE3-9C6A580B386E}.Debug|iPhoneSimulator.ActiveCfg = Debug|Any CPU
		{D5653093-4AC2-48AE-ACE3-9C6A580B386E}.Debug|iPhoneSimulator.Build.0 = Debug|Any CPU
		{D5653093-4AC2-48AE-ACE3-9C6A580B386E}.Debug|iPhoneSimulator.Deploy.0 = Debug|Any CPU
		{D5653093-4AC2-48AE-ACE3-9C6A580B386E}.Debug|x64.ActiveCfg = Debug|Any CPU
		{D5653093-4AC2-48AE-ACE3-9C6A580B386E}.Debug|x64.Build.0 = Debug|Any CPU
		{D5653093-4AC2-48AE-ACE3-9C6A580B386E}.Debug|x64.Deploy.0 = Debug|Any CPU
		{D5653093-4AC2-48AE-ACE3-9C6A580B386E}.Debug|x86.ActiveCfg = Debug|Any CPU
		{D5653093-4AC2-48AE-ACE3-9C6A580B386E}.Debug|x86.Build.0 = Debug|Any CPU
		{D5653093-4AC2-48AE-ACE3-9C6A580B386E}.Debug|x86.Deploy.0 = Debug|Any CPU
		{D5653093-4AC2-48AE-ACE3-9C6A580B386E}.Release|Any CPU.ActiveCfg = Release|Any CPU
		{D5653093-4AC2-48AE-ACE3-9C6A580B386E}.Release|Any CPU.Build.0 = Release|Any CPU
		{D5653093-4AC2-48AE-ACE3-9C6A580B386E}.Release|Any CPU.Deploy.0 = Release|Any CPU
		{D5653093-4AC2-48AE-ACE3-9C6A580B386E}.Release|ARM.ActiveCfg = Release|Any CPU
		{D5653093-4AC2-48AE-ACE3-9C6A580B386E}.Release|ARM.Build.0 = Release|Any CPU
		{D5653093-4AC2-48AE-ACE3-9C6A580B386E}.Release|ARM.Deploy.0 = Release|Any CPU
		{D5653093-4AC2-48AE-ACE3-9C6A580B386E}.Release|iPhone.ActiveCfg = Release|Any CPU
		{D5653093-4AC2-48AE-ACE3-9C6A580B386E}.Release|iPhone.Build.0 = Release|Any CPU
		{D5653093-4AC2-48AE-ACE3-9C6A580B386E}.Release|iPhone.Deploy.0 = Release|Any CPU
		{D5653093-4AC2-48AE-ACE3-9C6A580B386E}.Release|iPhoneSimulator.ActiveCfg = Release|Any CPU
		{D5653093-4AC2-48AE-ACE3-9C6A580B386E}.Release|iPhoneSimulator.Build.0 = Release|Any CPU
		{D5653093-4AC2-48AE-ACE3-9C6A580B386E}.Release|iPhoneSimulator.Deploy.0 = Release|Any CPU
		{D5653093-4AC2-48AE-ACE3-9C6A580B386E}.Release|x64.ActiveCfg = Release|Any CPU
		{D5653093-4AC2-48AE-ACE3-9C6A580B386E}.Release|x64.Build.0 = Release|Any CPU
		{D5653093-4AC2-48AE-ACE3-9C6A580B386E}.Release|x64.Deploy.0 = Release|Any CPU
		{D5653093-4AC2-48AE-ACE3-9C6A580B386E}.Release|x86.ActiveCfg = Release|Any CPU
		{D5653093-4AC2-48AE-ACE3-9C6A580B386E}.Release|x86.Build.0 = Release|Any CPU
		{D5653093-4AC2-48AE-ACE3-9C6A580B386E}.Release|x86.Deploy.0 = Release|Any CPU
		{3E10A644-2078-44A0-8E91-C8A02CA4821C}.Ad-Hoc|Any CPU.ActiveCfg = Ad-Hoc|iPhone
		{3E10A644-2078-44A0-8E91-C8A02CA4821C}.Ad-Hoc|ARM.ActiveCfg = Ad-Hoc|iPhone
		{3E10A644-2078-44A0-8E91-C8A02CA4821C}.Ad-Hoc|iPhone.ActiveCfg = Ad-Hoc|iPhone
		{3E10A644-2078-44A0-8E91-C8A02CA4821C}.Ad-Hoc|iPhone.Build.0 = Ad-Hoc|iPhone
		{3E10A644-2078-44A0-8E91-C8A02CA4821C}.Ad-Hoc|iPhoneSimulator.ActiveCfg = Ad-Hoc|iPhoneSimulator
		{3E10A644-2078-44A0-8E91-C8A02CA4821C}.Ad-Hoc|iPhoneSimulator.Build.0 = Ad-Hoc|iPhoneSimulator
		{3E10A644-2078-44A0-8E91-C8A02CA4821C}.Ad-Hoc|x64.ActiveCfg = Ad-Hoc|iPhone
		{3E10A644-2078-44A0-8E91-C8A02CA4821C}.Ad-Hoc|x86.ActiveCfg = Ad-Hoc|iPhone
		{3E10A644-2078-44A0-8E91-C8A02CA4821C}.AppStore|Any CPU.ActiveCfg = AppStore|iPhone
		{3E10A644-2078-44A0-8E91-C8A02CA4821C}.AppStore|ARM.ActiveCfg = AppStore|iPhone
		{3E10A644-2078-44A0-8E91-C8A02CA4821C}.AppStore|iPhone.ActiveCfg = AppStore|iPhone
		{3E10A644-2078-44A0-8E91-C8A02CA4821C}.AppStore|iPhone.Build.0 = AppStore|iPhone
		{3E10A644-2078-44A0-8E91-C8A02CA4821C}.AppStore|iPhoneSimulator.ActiveCfg = AppStore|iPhoneSimulator
		{3E10A644-2078-44A0-8E91-C8A02CA4821C}.AppStore|iPhoneSimulator.Build.0 = AppStore|iPhoneSimulator
		{3E10A644-2078-44A0-8E91-C8A02CA4821C}.AppStore|x64.ActiveCfg = AppStore|iPhone
		{3E10A644-2078-44A0-8E91-C8A02CA4821C}.AppStore|x86.ActiveCfg = AppStore|iPhone
		{3E10A644-2078-44A0-8E91-C8A02CA4821C}.Debug|Any CPU.ActiveCfg = Debug|iPhone
		{3E10A644-2078-44A0-8E91-C8A02CA4821C}.Debug|ARM.ActiveCfg = Debug|iPhone
		{3E10A644-2078-44A0-8E91-C8A02CA4821C}.Debug|iPhone.ActiveCfg = Debug|iPhone
		{3E10A644-2078-44A0-8E91-C8A02CA4821C}.Debug|iPhone.Build.0 = Debug|iPhone
		{3E10A644-2078-44A0-8E91-C8A02CA4821C}.Debug|iPhoneSimulator.ActiveCfg = Debug|iPhoneSimulator
		{3E10A644-2078-44A0-8E91-C8A02CA4821C}.Debug|iPhoneSimulator.Build.0 = Debug|iPhoneSimulator
		{3E10A644-2078-44A0-8E91-C8A02CA4821C}.Debug|x64.ActiveCfg = Debug|iPhone
		{3E10A644-2078-44A0-8E91-C8A02CA4821C}.Debug|x86.ActiveCfg = Debug|iPhone
		{3E10A644-2078-44A0-8E91-C8A02CA4821C}.Release|Any CPU.ActiveCfg = Release|iPhone
		{3E10A644-2078-44A0-8E91-C8A02CA4821C}.Release|ARM.ActiveCfg = Release|iPhone
		{3E10A644-2078-44A0-8E91-C8A02CA4821C}.Release|iPhone.ActiveCfg = Release|iPhone
		{3E10A644-2078-44A0-8E91-C8A02CA4821C}.Release|iPhone.Build.0 = Release|iPhone
		{3E10A644-2078-44A0-8E91-C8A02CA4821C}.Release|iPhoneSimulator.ActiveCfg = Release|iPhoneSimulator
		{3E10A644-2078-44A0-8E91-C8A02CA4821C}.Release|iPhoneSimulator.Build.0 = Release|iPhoneSimulator
		{3E10A644-2078-44A0-8E91-C8A02CA4821C}.Release|x64.ActiveCfg = Release|iPhone
		{3E10A644-2078-44A0-8E91-C8A02CA4821C}.Release|x86.ActiveCfg = Release|iPhone
		{2951DC8C-9C01-4DA3-98FC-4E55B51EFF9E}.Ad-Hoc|Any CPU.ActiveCfg = Release|x64
		{2951DC8C-9C01-4DA3-98FC-4E55B51EFF9E}.Ad-Hoc|Any CPU.Build.0 = Release|x64
		{2951DC8C-9C01-4DA3-98FC-4E55B51EFF9E}.Ad-Hoc|Any CPU.Deploy.0 = Release|x64
		{2951DC8C-9C01-4DA3-98FC-4E55B51EFF9E}.Ad-Hoc|ARM.ActiveCfg = Release|ARM
		{2951DC8C-9C01-4DA3-98FC-4E55B51EFF9E}.Ad-Hoc|ARM.Build.0 = Release|ARM
		{2951DC8C-9C01-4DA3-98FC-4E55B51EFF9E}.Ad-Hoc|ARM.Deploy.0 = Release|ARM
		{2951DC8C-9C01-4DA3-98FC-4E55B51EFF9E}.Ad-Hoc|iPhone.ActiveCfg = Release|x64
		{2951DC8C-9C01-4DA3-98FC-4E55B51EFF9E}.Ad-Hoc|iPhone.Build.0 = Release|x64
		{2951DC8C-9C01-4DA3-98FC-4E55B51EFF9E}.Ad-Hoc|iPhone.Deploy.0 = Release|x64
		{2951DC8C-9C01-4DA3-98FC-4E55B51EFF9E}.Ad-Hoc|iPhoneSimulator.ActiveCfg = Release|x64
		{2951DC8C-9C01-4DA3-98FC-4E55B51EFF9E}.Ad-Hoc|iPhoneSimulator.Build.0 = Release|x64
		{2951DC8C-9C01-4DA3-98FC-4E55B51EFF9E}.Ad-Hoc|iPhoneSimulator.Deploy.0 = Release|x64
		{2951DC8C-9C01-4DA3-98FC-4E55B51EFF9E}.Ad-Hoc|x64.ActiveCfg = Release|x64
		{2951DC8C-9C01-4DA3-98FC-4E55B51EFF9E}.Ad-Hoc|x64.Build.0 = Release|x64
		{2951DC8C-9C01-4DA3-98FC-4E55B51EFF9E}.Ad-Hoc|x64.Deploy.0 = Release|x64
		{2951DC8C-9C01-4DA3-98FC-4E55B51EFF9E}.Ad-Hoc|x86.ActiveCfg = Release|x86
		{2951DC8C-9C01-4DA3-98FC-4E55B51EFF9E}.Ad-Hoc|x86.Build.0 = Release|x86
		{2951DC8C-9C01-4DA3-98FC-4E55B51EFF9E}.Ad-Hoc|x86.Deploy.0 = Release|x86
		{2951DC8C-9C01-4DA3-98FC-4E55B51EFF9E}.AppStore|Any CPU.ActiveCfg = Release|x64
		{2951DC8C-9C01-4DA3-98FC-4E55B51EFF9E}.AppStore|Any CPU.Build.0 = Release|x64
		{2951DC8C-9C01-4DA3-98FC-4E55B51EFF9E}.AppStore|Any CPU.Deploy.0 = Release|x64
		{2951DC8C-9C01-4DA3-98FC-4E55B51EFF9E}.AppStore|ARM.ActiveCfg = Release|ARM
		{2951DC8C-9C01-4DA3-98FC-4E55B51EFF9E}.AppStore|ARM.Build.0 = Release|ARM
		{2951DC8C-9C01-4DA3-98FC-4E55B51EFF9E}.AppStore|ARM.Deploy.0 = Release|ARM
		{2951DC8C-9C01-4DA3-98FC-4E55B51EFF9E}.AppStore|iPhone.ActiveCfg = Release|x64
		{2951DC8C-9C01-4DA3-98FC-4E55B51EFF9E}.AppStore|iPhone.Build.0 = Release|x64
		{2951DC8C-9C01-4DA3-98FC-4E55B51EFF9E}.AppStore|iPhone.Deploy.0 = Release|x64
		{2951DC8C-9C01-4DA3-98FC-4E55B51EFF9E}.AppStore|iPhoneSimulator.ActiveCfg = Release|x64
		{2951DC8C-9C01-4DA3-98FC-4E55B51EFF9E}.AppStore|iPhoneSimulator.Build.0 = Release|x64
		{2951DC8C-9C01-4DA3-98FC-4E55B51EFF9E}.AppStore|iPhoneSimulator.Deploy.0 = Release|x64
		{2951DC8C-9C01-4DA3-98FC-4E55B51EFF9E}.AppStore|x64.ActiveCfg = Release|x64
		{2951DC8C-9C01-4DA3-98FC-4E55B51EFF9E}.AppStore|x64.Build.0 = Release|x64
		{2951DC8C-9C01-4DA3-98FC-4E55B51EFF9E}.AppStore|x64.Deploy.0 = Release|x64
		{2951DC8C-9C01-4DA3-98FC-4E55B51EFF9E}.AppStore|x86.ActiveCfg = Release|x86
		{2951DC8C-9C01-4DA3-98FC-4E55B51EFF9E}.AppStore|x86.Build.0 = Release|x86
		{2951DC8C-9C01-4DA3-98FC-4E55B51EFF9E}.AppStore|x86.Deploy.0 = Release|x86
		{2951DC8C-9C01-4DA3-98FC-4E55B51EFF9E}.Debug|Any CPU.ActiveCfg = Debug|x86
		{2951DC8C-9C01-4DA3-98FC-4E55B51EFF9E}.Debug|ARM.ActiveCfg = Debug|ARM
		{2951DC8C-9C01-4DA3-98FC-4E55B51EFF9E}.Debug|ARM.Build.0 = Debug|ARM
		{2951DC8C-9C01-4DA3-98FC-4E55B51EFF9E}.Debug|ARM.Deploy.0 = Debug|ARM
		{2951DC8C-9C01-4DA3-98FC-4E55B51EFF9E}.Debug|iPhone.ActiveCfg = Debug|x86
		{2951DC8C-9C01-4DA3-98FC-4E55B51EFF9E}.Debug|iPhoneSimulator.ActiveCfg = Debug|x86
		{2951DC8C-9C01-4DA3-98FC-4E55B51EFF9E}.Debug|x64.ActiveCfg = Debug|x64
		{2951DC8C-9C01-4DA3-98FC-4E55B51EFF9E}.Debug|x64.Build.0 = Debug|x64
		{2951DC8C-9C01-4DA3-98FC-4E55B51EFF9E}.Debug|x64.Deploy.0 = Debug|x64
		{2951DC8C-9C01-4DA3-98FC-4E55B51EFF9E}.Debug|x86.ActiveCfg = Debug|x86
		{2951DC8C-9C01-4DA3-98FC-4E55B51EFF9E}.Debug|x86.Build.0 = Debug|x86
		{2951DC8C-9C01-4DA3-98FC-4E55B51EFF9E}.Debug|x86.Deploy.0 = Debug|x86
		{2951DC8C-9C01-4DA3-98FC-4E55B51EFF9E}.Release|Any CPU.ActiveCfg = Release|x86
		{2951DC8C-9C01-4DA3-98FC-4E55B51EFF9E}.Release|ARM.ActiveCfg = Release|ARM
		{2951DC8C-9C01-4DA3-98FC-4E55B51EFF9E}.Release|ARM.Build.0 = Release|ARM
		{2951DC8C-9C01-4DA3-98FC-4E55B51EFF9E}.Release|ARM.Deploy.0 = Release|ARM
		{2951DC8C-9C01-4DA3-98FC-4E55B51EFF9E}.Release|iPhone.ActiveCfg = Release|x86
		{2951DC8C-9C01-4DA3-98FC-4E55B51EFF9E}.Release|iPhoneSimulator.ActiveCfg = Release|x86
		{2951DC8C-9C01-4DA3-98FC-4E55B51EFF9E}.Release|x64.ActiveCfg = Release|x64
		{2951DC8C-9C01-4DA3-98FC-4E55B51EFF9E}.Release|x64.Build.0 = Release|x64
		{2951DC8C-9C01-4DA3-98FC-4E55B51EFF9E}.Release|x64.Deploy.0 = Release|x64
		{2951DC8C-9C01-4DA3-98FC-4E55B51EFF9E}.Release|x86.ActiveCfg = Release|x86
		{2951DC8C-9C01-4DA3-98FC-4E55B51EFF9E}.Release|x86.Build.0 = Release|x86
		{2951DC8C-9C01-4DA3-98FC-4E55B51EFF9E}.Release|x86.Deploy.0 = Release|x86
		{677E94BD-6441-4CB7-B7D6-91E17057D703}.Ad-Hoc|Any CPU.ActiveCfg = Debug|Any CPU
		{677E94BD-6441-4CB7-B7D6-91E17057D703}.Ad-Hoc|Any CPU.Build.0 = Debug|Any CPU
		{677E94BD-6441-4CB7-B7D6-91E17057D703}.Ad-Hoc|ARM.ActiveCfg = Debug|Any CPU
		{677E94BD-6441-4CB7-B7D6-91E17057D703}.Ad-Hoc|ARM.Build.0 = Debug|Any CPU
		{677E94BD-6441-4CB7-B7D6-91E17057D703}.Ad-Hoc|iPhone.ActiveCfg = Debug|Any CPU
		{677E94BD-6441-4CB7-B7D6-91E17057D703}.Ad-Hoc|iPhone.Build.0 = Debug|Any CPU
		{677E94BD-6441-4CB7-B7D6-91E17057D703}.Ad-Hoc|iPhoneSimulator.ActiveCfg = Debug|Any CPU
		{677E94BD-6441-4CB7-B7D6-91E17057D703}.Ad-Hoc|iPhoneSimulator.Build.0 = Debug|Any CPU
		{677E94BD-6441-4CB7-B7D6-91E17057D703}.Ad-Hoc|x64.ActiveCfg = Debug|Any CPU
		{677E94BD-6441-4CB7-B7D6-91E17057D703}.Ad-Hoc|x64.Build.0 = Debug|Any CPU
		{677E94BD-6441-4CB7-B7D6-91E17057D703}.Ad-Hoc|x86.ActiveCfg = Debug|Any CPU
		{677E94BD-6441-4CB7-B7D6-91E17057D703}.Ad-Hoc|x86.Build.0 = Debug|Any CPU
		{677E94BD-6441-4CB7-B7D6-91E17057D703}.AppStore|Any CPU.ActiveCfg = Debug|Any CPU
		{677E94BD-6441-4CB7-B7D6-91E17057D703}.AppStore|Any CPU.Build.0 = Debug|Any CPU
		{677E94BD-6441-4CB7-B7D6-91E17057D703}.AppStore|ARM.ActiveCfg = Debug|Any CPU
		{677E94BD-6441-4CB7-B7D6-91E17057D703}.AppStore|ARM.Build.0 = Debug|Any CPU
		{677E94BD-6441-4CB7-B7D6-91E17057D703}.AppStore|iPhone.ActiveCfg = Debug|Any CPU
		{677E94BD-6441-4CB7-B7D6-91E17057D703}.AppStore|iPhone.Build.0 = Debug|Any CPU
		{677E94BD-6441-4CB7-B7D6-91E17057D703}.AppStore|iPhoneSimulator.ActiveCfg = Debug|Any CPU
		{677E94BD-6441-4CB7-B7D6-91E17057D703}.AppStore|iPhoneSimulator.Build.0 = Debug|Any CPU
		{677E94BD-6441-4CB7-B7D6-91E17057D703}.AppStore|x64.ActiveCfg = Debug|Any CPU
		{677E94BD-6441-4CB7-B7D6-91E17057D703}.AppStore|x64.Build.0 = Debug|Any CPU
		{677E94BD-6441-4CB7-B7D6-91E17057D703}.AppStore|x86.ActiveCfg = Debug|Any CPU
		{677E94BD-6441-4CB7-B7D6-91E17057D703}.AppStore|x86.Build.0 = Debug|Any CPU
		{677E94BD-6441-4CB7-B7D6-91E17057D703}.Debug|Any CPU.ActiveCfg = Debug|Any CPU
		{677E94BD-6441-4CB7-B7D6-91E17057D703}.Debug|Any CPU.Build.0 = Debug|Any CPU
		{677E94BD-6441-4CB7-B7D6-91E17057D703}.Debug|ARM.ActiveCfg = Debug|Any CPU
		{677E94BD-6441-4CB7-B7D6-91E17057D703}.Debug|ARM.Build.0 = Debug|Any CPU
		{677E94BD-6441-4CB7-B7D6-91E17057D703}.Debug|iPhone.ActiveCfg = Debug|Any CPU
		{677E94BD-6441-4CB7-B7D6-91E17057D703}.Debug|iPhone.Build.0 = Debug|Any CPU
		{677E94BD-6441-4CB7-B7D6-91E17057D703}.Debug|iPhoneSimulator.ActiveCfg = Debug|Any CPU
		{677E94BD-6441-4CB7-B7D6-91E17057D703}.Debug|iPhoneSimulator.Build.0 = Debug|Any CPU
		{677E94BD-6441-4CB7-B7D6-91E17057D703}.Debug|x64.ActiveCfg = Debug|Any CPU
		{677E94BD-6441-4CB7-B7D6-91E17057D703}.Debug|x64.Build.0 = Debug|Any CPU
		{677E94BD-6441-4CB7-B7D6-91E17057D703}.Debug|x86.ActiveCfg = Debug|Any CPU
		{677E94BD-6441-4CB7-B7D6-91E17057D703}.Debug|x86.Build.0 = Debug|Any CPU
		{677E94BD-6441-4CB7-B7D6-91E17057D703}.Release|Any CPU.ActiveCfg = Release|Any CPU
		{677E94BD-6441-4CB7-B7D6-91E17057D703}.Release|Any CPU.Build.0 = Release|Any CPU
		{677E94BD-6441-4CB7-B7D6-91E17057D703}.Release|ARM.ActiveCfg = Release|Any CPU
		{677E94BD-6441-4CB7-B7D6-91E17057D703}.Release|ARM.Build.0 = Release|Any CPU
		{677E94BD-6441-4CB7-B7D6-91E17057D703}.Release|iPhone.ActiveCfg = Release|Any CPU
		{677E94BD-6441-4CB7-B7D6-91E17057D703}.Release|iPhone.Build.0 = Release|Any CPU
		{677E94BD-6441-4CB7-B7D6-91E17057D703}.Release|iPhoneSimulator.ActiveCfg = Release|Any CPU
		{677E94BD-6441-4CB7-B7D6-91E17057D703}.Release|iPhoneSimulator.Build.0 = Release|Any CPU
		{677E94BD-6441-4CB7-B7D6-91E17057D703}.Release|x64.ActiveCfg = Release|Any CPU
		{677E94BD-6441-4CB7-B7D6-91E17057D703}.Release|x64.Build.0 = Release|Any CPU
		{677E94BD-6441-4CB7-B7D6-91E17057D703}.Release|x86.ActiveCfg = Release|Any CPU
		{677E94BD-6441-4CB7-B7D6-91E17057D703}.Release|x86.Build.0 = Release|Any CPU
	EndGlobalSection
	GlobalSection(SolutionProperties) = preSolution
		HideSolutionNode = FALSE
	EndGlobalSection
	GlobalSection(ExtensibilityGlobals) = postSolution
		SolutionGuid = {F4344142-B0A0-4549-BB9C-83A2142A59F7}
	EndGlobalSection
EndGlobal
