
Microsoft Visual Studio Solution File, Format Version 12.00
# Visual Studio Version 16
VisualStudioVersion = 16.0.29025.244
MinimumVisualStudioVersion = 10.0.40219.1
Project("{D954291E-2A0B-460D-934E-DC6B0785DB48}") = "BeautifulUI.Shared", "BeautifulUI.Shared\BeautifulUI.Shared.shproj", "{6279C845-92F8-4333-AB99-3D213163593C}"
EndProject
Project("{FAE04EC0-301F-11D3-BF4B-00C04F79EFBC}") = "BeautifulUI.Droid", "BeautifulUI.Droid\BeautifulUI.Droid.csproj", "{C2691CBE-CFEC-4C47-9E7F-0D0A2462E215}"
EndProject
Project("{FAE04EC0-301F-11D3-BF4B-00C04F79EFBC}") = "BeautifulUI.iOS", "BeautifulUI.iOS\BeautifulUI.iOS.csproj", "{20DD3869-C95B-4516-995C-A1031BBCF20A}"
EndProject
Project("{FAE04EC0-301F-11D3-BF4B-00C04F79EFBC}") = "BeautifulUI.UWP", "BeautifulUI.UWP\BeautifulUI.UWP.csproj", "{5DFF2EA1-E523-4F30-A11B-DD164B605175}"
EndProject
Project("{9A19103F-16F7-4668-BE54-9A1E7A4F7556}") = "BeautifulUI.Wasm", "BeautifulUI.Wasm\BeautifulUI.Wasm.csproj", "{71C8C484-63CF-446E-8F03-2FFAF36FD703}"
EndProject
Project("{2150E333-8FDC-42A3-9474-1A3956D46DE8}") = "Snippets", "Snippets", "{A79E3CB2-B154-46C8-9FF7-FA3DED89D27C}"
	ProjectSection(SolutionItems) = preProject
		snippet.snippet = snippet.snippet
	EndProjectSection
EndProject
Global
	GlobalSection(SharedMSBuildProjectFiles) = preSolution
		BeautifulUI.Shared\BeautifulUI.Shared.projitems*{20dd3869-c95b-4516-995c-a1031bbcf20a}*SharedItemsImports = 4
		BeautifulUI.Shared\BeautifulUI.Shared.projitems*{5dff2ea1-e523-4f30-a11b-dd164b605175}*SharedItemsImports = 4
		BeautifulUI.Shared\BeautifulUI.Shared.projitems*{6279c845-92f8-4333-ab99-3d213163593c}*SharedItemsImports = 13
		BeautifulUI.Shared\BeautifulUI.Shared.projitems*{c2691cbe-cfec-4c47-9e7f-0d0a2462e215}*SharedItemsImports = 4
	EndGlobalSection
	GlobalSection(SolutionConfigurationPlatforms) = preSolution
		Ad-Hoc|Any CPU = Ad-Hoc|Any CPU
		Ad-Hoc|ARM = Ad-Hoc|ARM
		Ad-Hoc|iPhone = Ad-Hoc|iPhone
		Ad-Hoc|iPhoneSimulator = Ad-Hoc|iPhoneSimulator
		Ad-Hoc|x64 = Ad-Hoc|x64
		Ad-Hoc|x86 = Ad-Hoc|x86
		AppStore|Any CPU = AppStore|Any CPU
		AppStore|ARM = AppStore|ARM
		AppStore|iPhone = AppStore|iPhone
		AppStore|iPhoneSimulator = AppStore|iPhoneSimulator
		AppStore|x64 = AppStore|x64
		AppStore|x86 = AppStore|x86
		Debug|Any CPU = Debug|Any CPU
		Debug|ARM = Debug|ARM
		Debug|iPhone = Debug|iPhone
		Debug|iPhoneSimulator = Debug|iPhoneSimulator
		Debug|x64 = Debug|x64
		Debug|x86 = Debug|x86
		Release|Any CPU = Release|Any CPU
		Release|ARM = Release|ARM
		Release|iPhone = Release|iPhone
		Release|iPhoneSimulator = Release|iPhoneSimulator
		Release|x64 = Release|x64
		Release|x86 = Release|x86
	EndGlobalSection
	GlobalSection(ProjectConfigurationPlatforms) = postSolution
		{C2691CBE-CFEC-4C47-9E7F-0D0A2462E215}.Ad-Hoc|Any CPU.ActiveCfg = Release|Any CPU
		{C2691CBE-CFEC-4C47-9E7F-0D0A2462E215}.Ad-Hoc|Any CPU.Build.0 = Release|Any CPU
		{C2691CBE-CFEC-4C47-9E7F-0D0A2462E215}.Ad-Hoc|Any CPU.Deploy.0 = Release|Any CPU
		{C2691CBE-CFEC-4C47-9E7F-0D0A2462E215}.Ad-Hoc|ARM.ActiveCfg = Release|Any CPU
		{C2691CBE-CFEC-4C47-9E7F-0D0A2462E215}.Ad-Hoc|ARM.Build.0 = Release|Any CPU
		{C2691CBE-CFEC-4C47-9E7F-0D0A2462E215}.Ad-Hoc|ARM.Deploy.0 = Release|Any CPU
		{C2691CBE-CFEC-4C47-9E7F-0D0A2462E215}.Ad-Hoc|iPhone.ActiveCfg = Release|Any CPU
		{C2691CBE-CFEC-4C47-9E7F-0D0A2462E215}.Ad-Hoc|iPhone.Build.0 = Release|Any CPU
		{C2691CBE-CFEC-4C47-9E7F-0D0A2462E215}.Ad-Hoc|iPhone.Deploy.0 = Release|Any CPU
		{C2691CBE-CFEC-4C47-9E7F-0D0A2462E215}.Ad-Hoc|iPhoneSimulator.ActiveCfg = Release|Any CPU
		{C2691CBE-CFEC-4C47-9E7F-0D0A2462E215}.Ad-Hoc|iPhoneSimulator.Build.0 = Release|Any CPU
		{C2691CBE-CFEC-4C47-9E7F-0D0A2462E215}.Ad-Hoc|iPhoneSimulator.Deploy.0 = Release|Any CPU
		{C2691CBE-CFEC-4C47-9E7F-0D0A2462E215}.Ad-Hoc|x64.ActiveCfg = Release|Any CPU
		{C2691CBE-CFEC-4C47-9E7F-0D0A2462E215}.Ad-Hoc|x64.Build.0 = Release|Any CPU
		{C2691CBE-CFEC-4C47-9E7F-0D0A2462E215}.Ad-Hoc|x64.Deploy.0 = Release|Any CPU
		{C2691CBE-CFEC-4C47-9E7F-0D0A2462E215}.Ad-Hoc|x86.ActiveCfg = Release|Any CPU
		{C2691CBE-CFEC-4C47-9E7F-0D0A2462E215}.Ad-Hoc|x86.Build.0 = Release|Any CPU
		{C2691CBE-CFEC-4C47-9E7F-0D0A2462E215}.Ad-Hoc|x86.Deploy.0 = Release|Any CPU
		{C2691CBE-CFEC-4C47-9E7F-0D0A2462E215}.AppStore|Any CPU.ActiveCfg = Release|Any CPU
		{C2691CBE-CFEC-4C47-9E7F-0D0A2462E215}.AppStore|Any CPU.Build.0 = Release|Any CPU
		{C2691CBE-CFEC-4C47-9E7F-0D0A2462E215}.AppStore|Any CPU.Deploy.0 = Release|Any CPU
		{C2691CBE-CFEC-4C47-9E7F-0D0A2462E215}.AppStore|ARM.ActiveCfg = Release|Any CPU
		{C2691CBE-CFEC-4C47-9E7F-0D0A2462E215}.AppStore|ARM.Build.0 = Release|Any CPU
		{C2691CBE-CFEC-4C47-9E7F-0D0A2462E215}.AppStore|ARM.Deploy.0 = Release|Any CPU
		{C2691CBE-CFEC-4C47-9E7F-0D0A2462E215}.AppStore|iPhone.ActiveCfg = Release|Any CPU
		{C2691CBE-CFEC-4C47-9E7F-0D0A2462E215}.AppStore|iPhone.Build.0 = Release|Any CPU
		{C2691CBE-CFEC-4C47-9E7F-0D0A2462E215}.AppStore|iPhone.Deploy.0 = Release|Any CPU
		{C2691CBE-CFEC-4C47-9E7F-0D0A2462E215}.AppStore|iPhoneSimulator.ActiveCfg = Release|Any CPU
		{C2691CBE-CFEC-4C47-9E7F-0D0A2462E215}.AppStore|iPhoneSimulator.Build.0 = Release|Any CPU
		{C2691CBE-CFEC-4C47-9E7F-0D0A2462E215}.AppStore|iPhoneSimulator.Deploy.0 = Release|Any CPU
		{C2691CBE-CFEC-4C47-9E7F-0D0A2462E215}.AppStore|x64.ActiveCfg = Release|Any CPU
		{C2691CBE-CFEC-4C47-9E7F-0D0A2462E215}.AppStore|x64.Build.0 = Release|Any CPU
		{C2691CBE-CFEC-4C47-9E7F-0D0A2462E215}.AppStore|x64.Deploy.0 = Release|Any CPU
		{C2691CBE-CFEC-4C47-9E7F-0D0A2462E215}.AppStore|x86.ActiveCfg = Release|Any CPU
		{C2691CBE-CFEC-4C47-9E7F-0D0A2462E215}.AppStore|x86.Build.0 = Release|Any CPU
		{C2691CBE-CFEC-4C47-9E7F-0D0A2462E215}.AppStore|x86.Deploy.0 = Release|Any CPU
		{C2691CBE-CFEC-4C47-9E7F-0D0A2462E215}.Debug|Any CPU.ActiveCfg = Debug|Any CPU
		{C2691CBE-CFEC-4C47-9E7F-0D0A2462E215}.Debug|Any CPU.Build.0 = Debug|Any CPU
		{C2691CBE-CFEC-4C47-9E7F-0D0A2462E215}.Debug|Any CPU.Deploy.0 = Debug|Any CPU
		{C2691CBE-CFEC-4C47-9E7F-0D0A2462E215}.Debug|ARM.ActiveCfg = Debug|Any CPU
		{C2691CBE-CFEC-4C47-9E7F-0D0A2462E215}.Debug|ARM.Build.0 = Debug|Any CPU
		{C2691CBE-CFEC-4C47-9E7F-0D0A2462E215}.Debug|ARM.Deploy.0 = Debug|Any CPU
		{C2691CBE-CFEC-4C47-9E7F-0D0A2462E215}.Debug|iPhone.ActiveCfg = Debug|Any CPU
		{C2691CBE-CFEC-4C47-9E7F-0D0A2462E215}.Debug|iPhone.Build.0 = Debug|Any CPU
		{C2691CBE-CFEC-4C47-9E7F-0D0A2462E215}.Debug|iPhone.Deploy.0 = Debug|Any CPU
		{C2691CBE-CFEC-4C47-9E7F-0D0A2462E215}.Debug|iPhoneSimulator.ActiveCfg = Debug|Any CPU
		{C2691CBE-CFEC-4C47-9E7F-0D0A2462E215}.Debug|iPhoneSimulator.Build.0 = Debug|Any CPU
		{C2691CBE-CFEC-4C47-9E7F-0D0A2462E215}.Debug|iPhoneSimulator.Deploy.0 = Debug|Any CPU
		{C2691CBE-CFEC-4C47-9E7F-0D0A2462E215}.Debug|x64.ActiveCfg = Debug|Any CPU
		{C2691CBE-CFEC-4C47-9E7F-0D0A2462E215}.Debug|x64.Build.0 = Debug|Any CPU
		{C2691CBE-CFEC-4C47-9E7F-0D0A2462E215}.Debug|x64.Deploy.0 = Debug|Any CPU
		{C2691CBE-CFEC-4C47-9E7F-0D0A2462E215}.Debug|x86.ActiveCfg = Debug|Any CPU
		{C2691CBE-CFEC-4C47-9E7F-0D0A2462E215}.Debug|x86.Build.0 = Debug|Any CPU
		{C2691CBE-CFEC-4C47-9E7F-0D0A2462E215}.Debug|x86.Deploy.0 = Debug|Any CPU
		{C2691CBE-CFEC-4C47-9E7F-0D0A2462E215}.Release|Any CPU.ActiveCfg = Release|Any CPU
		{C2691CBE-CFEC-4C47-9E7F-0D0A2462E215}.Release|Any CPU.Build.0 = Release|Any CPU
		{C2691CBE-CFEC-4C47-9E7F-0D0A2462E215}.Release|Any CPU.Deploy.0 = Release|Any CPU
		{C2691CBE-CFEC-4C47-9E7F-0D0A2462E215}.Release|ARM.ActiveCfg = Release|Any CPU
		{C2691CBE-CFEC-4C47-9E7F-0D0A2462E215}.Release|ARM.Build.0 = Release|Any CPU
		{C2691CBE-CFEC-4C47-9E7F-0D0A2462E215}.Release|ARM.Deploy.0 = Release|Any CPU
		{C2691CBE-CFEC-4C47-9E7F-0D0A2462E215}.Release|iPhone.ActiveCfg = Release|Any CPU
		{C2691CBE-CFEC-4C47-9E7F-0D0A2462E215}.Release|iPhone.Build.0 = Release|Any CPU
		{C2691CBE-CFEC-4C47-9E7F-0D0A2462E215}.Release|iPhone.Deploy.0 = Release|Any CPU
		{C2691CBE-CFEC-4C47-9E7F-0D0A2462E215}.Release|iPhoneSimulator.ActiveCfg = Release|Any CPU
		{C2691CBE-CFEC-4C47-9E7F-0D0A2462E215}.Release|iPhoneSimulator.Build.0 = Release|Any CPU
		{C2691CBE-CFEC-4C47-9E7F-0D0A2462E215}.Release|iPhoneSimulator.Deploy.0 = Release|Any CPU
		{C2691CBE-CFEC-4C47-9E7F-0D0A2462E215}.Release|x64.ActiveCfg = Release|Any CPU
		{C2691CBE-CFEC-4C47-9E7F-0D0A2462E215}.Release|x64.Build.0 = Release|Any CPU
		{C2691CBE-CFEC-4C47-9E7F-0D0A2462E215}.Release|x64.Deploy.0 = Release|Any CPU
		{C2691CBE-CFEC-4C47-9E7F-0D0A2462E215}.Release|x86.ActiveCfg = Release|Any CPU
		{C2691CBE-CFEC-4C47-9E7F-0D0A2462E215}.Release|x86.Build.0 = Release|Any CPU
		{C2691CBE-CFEC-4C47-9E7F-0D0A2462E215}.Release|x86.Deploy.0 = Release|Any CPU
		{20DD3869-C95B-4516-995C-A1031BBCF20A}.Ad-Hoc|Any CPU.ActiveCfg = Ad-Hoc|iPhone
		{20DD3869-C95B-4516-995C-A1031BBCF20A}.Ad-Hoc|ARM.ActiveCfg = Ad-Hoc|iPhone
		{20DD3869-C95B-4516-995C-A1031BBCF20A}.Ad-Hoc|iPhone.ActiveCfg = Ad-Hoc|iPhone
		{20DD3869-C95B-4516-995C-A1031BBCF20A}.Ad-Hoc|iPhone.Build.0 = Ad-Hoc|iPhone
		{20DD3869-C95B-4516-995C-A1031BBCF20A}.Ad-Hoc|iPhoneSimulator.ActiveCfg = Ad-Hoc|iPhoneSimulator
		{20DD3869-C95B-4516-995C-A1031BBCF20A}.Ad-Hoc|iPhoneSimulator.Build.0 = Ad-Hoc|iPhoneSimulator
		{20DD3869-C95B-4516-995C-A1031BBCF20A}.Ad-Hoc|x64.ActiveCfg = Ad-Hoc|iPhone
		{20DD3869-C95B-4516-995C-A1031BBCF20A}.Ad-Hoc|x86.ActiveCfg = Ad-Hoc|iPhone
		{20DD3869-C95B-4516-995C-A1031BBCF20A}.AppStore|Any CPU.ActiveCfg = AppStore|iPhone
		{20DD3869-C95B-4516-995C-A1031BBCF20A}.AppStore|ARM.ActiveCfg = AppStore|iPhone
		{20DD3869-C95B-4516-995C-A1031BBCF20A}.AppStore|iPhone.ActiveCfg = AppStore|iPhone
		{20DD3869-C95B-4516-995C-A1031BBCF20A}.AppStore|iPhone.Build.0 = AppStore|iPhone
		{20DD3869-C95B-4516-995C-A1031BBCF20A}.AppStore|iPhoneSimulator.ActiveCfg = AppStore|iPhoneSimulator
		{20DD3869-C95B-4516-995C-A1031BBCF20A}.AppStore|iPhoneSimulator.Build.0 = AppStore|iPhoneSimulator
		{20DD3869-C95B-4516-995C-A1031BBCF20A}.AppStore|x64.ActiveCfg = AppStore|iPhone
		{20DD3869-C95B-4516-995C-A1031BBCF20A}.AppStore|x86.ActiveCfg = AppStore|iPhone
		{20DD3869-C95B-4516-995C-A1031BBCF20A}.Debug|Any CPU.ActiveCfg = Debug|iPhone
		{20DD3869-C95B-4516-995C-A1031BBCF20A}.Debug|ARM.ActiveCfg = Debug|iPhone
		{20DD3869-C95B-4516-995C-A1031BBCF20A}.Debug|iPhone.ActiveCfg = Debug|iPhone
		{20DD3869-C95B-4516-995C-A1031BBCF20A}.Debug|iPhone.Build.0 = Debug|iPhone
		{20DD3869-C95B-4516-995C-A1031BBCF20A}.Debug|iPhoneSimulator.ActiveCfg = Debug|iPhoneSimulator
		{20DD3869-C95B-4516-995C-A1031BBCF20A}.Debug|iPhoneSimulator.Build.0 = Debug|iPhoneSimulator
		{20DD3869-C95B-4516-995C-A1031BBCF20A}.Debug|x64.ActiveCfg = Debug|iPhone
		{20DD3869-C95B-4516-995C-A1031BBCF20A}.Debug|x86.ActiveCfg = Debug|iPhone
		{20DD3869-C95B-4516-995C-A1031BBCF20A}.Release|Any CPU.ActiveCfg = Release|iPhone
		{20DD3869-C95B-4516-995C-A1031BBCF20A}.Release|ARM.ActiveCfg = Release|iPhone
		{20DD3869-C95B-4516-995C-A1031BBCF20A}.Release|iPhone.ActiveCfg = Release|iPhone
		{20DD3869-C95B-4516-995C-A1031BBCF20A}.Release|iPhone.Build.0 = Release|iPhone
		{20DD3869-C95B-4516-995C-A1031BBCF20A}.Release|iPhoneSimulator.ActiveCfg = Release|iPhoneSimulator
		{20DD3869-C95B-4516-995C-A1031BBCF20A}.Release|iPhoneSimulator.Build.0 = Release|iPhoneSimulator
		{20DD3869-C95B-4516-995C-A1031BBCF20A}.Release|x64.ActiveCfg = Release|iPhone
		{20DD3869-C95B-4516-995C-A1031BBCF20A}.Release|x86.ActiveCfg = Release|iPhone
		{5DFF2EA1-E523-4F30-A11B-DD164B605175}.Ad-Hoc|Any CPU.ActiveCfg = Release|x64
		{5DFF2EA1-E523-4F30-A11B-DD164B605175}.Ad-Hoc|Any CPU.Build.0 = Release|x64
		{5DFF2EA1-E523-4F30-A11B-DD164B605175}.Ad-Hoc|Any CPU.Deploy.0 = Release|x64
		{5DFF2EA1-E523-4F30-A11B-DD164B605175}.Ad-Hoc|ARM.ActiveCfg = Release|ARM
		{5DFF2EA1-E523-4F30-A11B-DD164B605175}.Ad-Hoc|ARM.Build.0 = Release|ARM
		{5DFF2EA1-E523-4F30-A11B-DD164B605175}.Ad-Hoc|ARM.Deploy.0 = Release|ARM
		{5DFF2EA1-E523-4F30-A11B-DD164B605175}.Ad-Hoc|iPhone.ActiveCfg = Release|x64
		{5DFF2EA1-E523-4F30-A11B-DD164B605175}.Ad-Hoc|iPhone.Build.0 = Release|x64
		{5DFF2EA1-E523-4F30-A11B-DD164B605175}.Ad-Hoc|iPhone.Deploy.0 = Release|x64
		{5DFF2EA1-E523-4F30-A11B-DD164B605175}.Ad-Hoc|iPhoneSimulator.ActiveCfg = Release|x64
		{5DFF2EA1-E523-4F30-A11B-DD164B605175}.Ad-Hoc|iPhoneSimulator.Build.0 = Release|x64
		{5DFF2EA1-E523-4F30-A11B-DD164B605175}.Ad-Hoc|iPhoneSimulator.Deploy.0 = Release|x64
		{5DFF2EA1-E523-4F30-A11B-DD164B605175}.Ad-Hoc|x64.ActiveCfg = Release|x64
		{5DFF2EA1-E523-4F30-A11B-DD164B605175}.Ad-Hoc|x64.Build.0 = Release|x64
		{5DFF2EA1-E523-4F30-A11B-DD164B605175}.Ad-Hoc|x64.Deploy.0 = Release|x64
		{5DFF2EA1-E523-4F30-A11B-DD164B605175}.Ad-Hoc|x86.ActiveCfg = Release|x86
		{5DFF2EA1-E523-4F30-A11B-DD164B605175}.Ad-Hoc|x86.Build.0 = Release|x86
		{5DFF2EA1-E523-4F30-A11B-DD164B605175}.Ad-Hoc|x86.Deploy.0 = Release|x86
		{5DFF2EA1-E523-4F30-A11B-DD164B605175}.AppStore|Any CPU.ActiveCfg = Release|x64
		{5DFF2EA1-E523-4F30-A11B-DD164B605175}.AppStore|Any CPU.Build.0 = Release|x64
		{5DFF2EA1-E523-4F30-A11B-DD164B605175}.AppStore|Any CPU.Deploy.0 = Release|x64
		{5DFF2EA1-E523-4F30-A11B-DD164B605175}.AppStore|ARM.ActiveCfg = Release|ARM
		{5DFF2EA1-E523-4F30-A11B-DD164B605175}.AppStore|ARM.Build.0 = Release|ARM
		{5DFF2EA1-E523-4F30-A11B-DD164B605175}.AppStore|ARM.Deploy.0 = Release|ARM
		{5DFF2EA1-E523-4F30-A11B-DD164B605175}.AppStore|iPhone.ActiveCfg = Release|x64
		{5DFF2EA1-E523-4F30-A11B-DD164B605175}.AppStore|iPhone.Build.0 = Release|x64
		{5DFF2EA1-E523-4F30-A11B-DD164B605175}.AppStore|iPhone.Deploy.0 = Release|x64
		{5DFF2EA1-E523-4F30-A11B-DD164B605175}.AppStore|iPhoneSimulator.ActiveCfg = Release|x64
		{5DFF2EA1-E523-4F30-A11B-DD164B605175}.AppStore|iPhoneSimulator.Build.0 = Release|x64
		{5DFF2EA1-E523-4F30-A11B-DD164B605175}.AppStore|iPhoneSimulator.Deploy.0 = Release|x64
		{5DFF2EA1-E523-4F30-A11B-DD164B605175}.AppStore|x64.ActiveCfg = Release|x64
		{5DFF2EA1-E523-4F30-A11B-DD164B605175}.AppStore|x64.Build.0 = Release|x64
		{5DFF2EA1-E523-4F30-A11B-DD164B605175}.AppStore|x64.Deploy.0 = Release|x64
		{5DFF2EA1-E523-4F30-A11B-DD164B605175}.AppStore|x86.ActiveCfg = Release|x86
		{5DFF2EA1-E523-4F30-A11B-DD164B605175}.AppStore|x86.Build.0 = Release|x86
		{5DFF2EA1-E523-4F30-A11B-DD164B605175}.AppStore|x86.Deploy.0 = Release|x86
		{5DFF2EA1-E523-4F30-A11B-DD164B605175}.Debug|Any CPU.ActiveCfg = Debug|x86
		{5DFF2EA1-E523-4F30-A11B-DD164B605175}.Debug|ARM.ActiveCfg = Debug|ARM
		{5DFF2EA1-E523-4F30-A11B-DD164B605175}.Debug|ARM.Build.0 = Debug|ARM
		{5DFF2EA1-E523-4F30-A11B-DD164B605175}.Debug|ARM.Deploy.0 = Debug|ARM
		{5DFF2EA1-E523-4F30-A11B-DD164B605175}.Debug|iPhone.ActiveCfg = Debug|x86
		{5DFF2EA1-E523-4F30-A11B-DD164B605175}.Debug|iPhoneSimulator.ActiveCfg = Debug|x86
		{5DFF2EA1-E523-4F30-A11B-DD164B605175}.Debug|x64.ActiveCfg = Debug|x64
		{5DFF2EA1-E523-4F30-A11B-DD164B605175}.Debug|x64.Build.0 = Debug|x64
		{5DFF2EA1-E523-4F30-A11B-DD164B605175}.Debug|x64.Deploy.0 = Debug|x64
		{5DFF2EA1-E523-4F30-A11B-DD164B605175}.Debug|x86.ActiveCfg = Debug|x86
		{5DFF2EA1-E523-4F30-A11B-DD164B605175}.Debug|x86.Build.0 = Debug|x86
		{5DFF2EA1-E523-4F30-A11B-DD164B605175}.Debug|x86.Deploy.0 = Debug|x86
		{5DFF2EA1-E523-4F30-A11B-DD164B605175}.Release|Any CPU.ActiveCfg = Release|x86
		{5DFF2EA1-E523-4F30-A11B-DD164B605175}.Release|ARM.ActiveCfg = Release|ARM
		{5DFF2EA1-E523-4F30-A11B-DD164B605175}.Release|ARM.Build.0 = Release|ARM
		{5DFF2EA1-E523-4F30-A11B-DD164B605175}.Release|ARM.Deploy.0 = Release|ARM
		{5DFF2EA1-E523-4F30-A11B-DD164B605175}.Release|iPhone.ActiveCfg = Release|x86
		{5DFF2EA1-E523-4F30-A11B-DD164B605175}.Release|iPhoneSimulator.ActiveCfg = Release|x86
		{5DFF2EA1-E523-4F30-A11B-DD164B605175}.Release|x64.ActiveCfg = Release|x64
		{5DFF2EA1-E523-4F30-A11B-DD164B605175}.Release|x64.Build.0 = Release|x64
		{5DFF2EA1-E523-4F30-A11B-DD164B605175}.Release|x64.Deploy.0 = Release|x64
		{5DFF2EA1-E523-4F30-A11B-DD164B605175}.Release|x86.ActiveCfg = Release|x86
		{5DFF2EA1-E523-4F30-A11B-DD164B605175}.Release|x86.Build.0 = Release|x86
		{5DFF2EA1-E523-4F30-A11B-DD164B605175}.Release|x86.Deploy.0 = Release|x86
		{71C8C484-63CF-446E-8F03-2FFAF36FD703}.Ad-Hoc|Any CPU.ActiveCfg = Debug|Any CPU
		{71C8C484-63CF-446E-8F03-2FFAF36FD703}.Ad-Hoc|Any CPU.Build.0 = Debug|Any CPU
		{71C8C484-63CF-446E-8F03-2FFAF36FD703}.Ad-Hoc|ARM.ActiveCfg = Debug|Any CPU
		{71C8C484-63CF-446E-8F03-2FFAF36FD703}.Ad-Hoc|ARM.Build.0 = Debug|Any CPU
		{71C8C484-63CF-446E-8F03-2FFAF36FD703}.Ad-Hoc|iPhone.ActiveCfg = Debug|Any CPU
		{71C8C484-63CF-446E-8F03-2FFAF36FD703}.Ad-Hoc|iPhone.Build.0 = Debug|Any CPU
		{71C8C484-63CF-446E-8F03-2FFAF36FD703}.Ad-Hoc|iPhoneSimulator.ActiveCfg = Debug|Any CPU
		{71C8C484-63CF-446E-8F03-2FFAF36FD703}.Ad-Hoc|iPhoneSimulator.Build.0 = Debug|Any CPU
		{71C8C484-63CF-446E-8F03-2FFAF36FD703}.Ad-Hoc|x64.ActiveCfg = Debug|Any CPU
		{71C8C484-63CF-446E-8F03-2FFAF36FD703}.Ad-Hoc|x64.Build.0 = Debug|Any CPU
		{71C8C484-63CF-446E-8F03-2FFAF36FD703}.Ad-Hoc|x86.ActiveCfg = Debug|Any CPU
		{71C8C484-63CF-446E-8F03-2FFAF36FD703}.Ad-Hoc|x86.Build.0 = Debug|Any CPU
		{71C8C484-63CF-446E-8F03-2FFAF36FD703}.AppStore|Any CPU.ActiveCfg = Debug|Any CPU
		{71C8C484-63CF-446E-8F03-2FFAF36FD703}.AppStore|Any CPU.Build.0 = Debug|Any CPU
		{71C8C484-63CF-446E-8F03-2FFAF36FD703}.AppStore|ARM.ActiveCfg = Debug|Any CPU
		{71C8C484-63CF-446E-8F03-2FFAF36FD703}.AppStore|ARM.Build.0 = Debug|Any CPU
		{71C8C484-63CF-446E-8F03-2FFAF36FD703}.AppStore|iPhone.ActiveCfg = Debug|Any CPU
		{71C8C484-63CF-446E-8F03-2FFAF36FD703}.AppStore|iPhone.Build.0 = Debug|Any CPU
		{71C8C484-63CF-446E-8F03-2FFAF36FD703}.AppStore|iPhoneSimulator.ActiveCfg = Debug|Any CPU
		{71C8C484-63CF-446E-8F03-2FFAF36FD703}.AppStore|iPhoneSimulator.Build.0 = Debug|Any CPU
		{71C8C484-63CF-446E-8F03-2FFAF36FD703}.AppStore|x64.ActiveCfg = Debug|Any CPU
		{71C8C484-63CF-446E-8F03-2FFAF36FD703}.AppStore|x64.Build.0 = Debug|Any CPU
		{71C8C484-63CF-446E-8F03-2FFAF36FD703}.AppStore|x86.ActiveCfg = Debug|Any CPU
		{71C8C484-63CF-446E-8F03-2FFAF36FD703}.AppStore|x86.Build.0 = Debug|Any CPU
		{71C8C484-63CF-446E-8F03-2FFAF36FD703}.Debug|Any CPU.ActiveCfg = Debug|Any CPU
		{71C8C484-63CF-446E-8F03-2FFAF36FD703}.Debug|Any CPU.Build.0 = Debug|Any CPU
		{71C8C484-63CF-446E-8F03-2FFAF36FD703}.Debug|ARM.ActiveCfg = Debug|Any CPU
		{71C8C484-63CF-446E-8F03-2FFAF36FD703}.Debug|ARM.Build.0 = Debug|Any CPU
		{71C8C484-63CF-446E-8F03-2FFAF36FD703}.Debug|iPhone.ActiveCfg = Debug|Any CPU
		{71C8C484-63CF-446E-8F03-2FFAF36FD703}.Debug|iPhone.Build.0 = Debug|Any CPU
		{71C8C484-63CF-446E-8F03-2FFAF36FD703}.Debug|iPhoneSimulator.ActiveCfg = Debug|Any CPU
		{71C8C484-63CF-446E-8F03-2FFAF36FD703}.Debug|iPhoneSimulator.Build.0 = Debug|Any CPU
		{71C8C484-63CF-446E-8F03-2FFAF36FD703}.Debug|x64.ActiveCfg = Debug|Any CPU
		{71C8C484-63CF-446E-8F03-2FFAF36FD703}.Debug|x64.Build.0 = Debug|Any CPU
		{71C8C484-63CF-446E-8F03-2FFAF36FD703}.Debug|x86.ActiveCfg = Debug|Any CPU
		{71C8C484-63CF-446E-8F03-2FFAF36FD703}.Debug|x86.Build.0 = Debug|Any CPU
		{71C8C484-63CF-446E-8F03-2FFAF36FD703}.Release|Any CPU.ActiveCfg = Release|Any CPU
		{71C8C484-63CF-446E-8F03-2FFAF36FD703}.Release|Any CPU.Build.0 = Release|Any CPU
		{71C8C484-63CF-446E-8F03-2FFAF36FD703}.Release|ARM.ActiveCfg = Release|Any CPU
		{71C8C484-63CF-446E-8F03-2FFAF36FD703}.Release|ARM.Build.0 = Release|Any CPU
		{71C8C484-63CF-446E-8F03-2FFAF36FD703}.Release|iPhone.ActiveCfg = Release|Any CPU
		{71C8C484-63CF-446E-8F03-2FFAF36FD703}.Release|iPhone.Build.0 = Release|Any CPU
		{71C8C484-63CF-446E-8F03-2FFAF36FD703}.Release|iPhoneSimulator.ActiveCfg = Release|Any CPU
		{71C8C484-63CF-446E-8F03-2FFAF36FD703}.Release|iPhoneSimulator.Build.0 = Release|Any CPU
		{71C8C484-63CF-446E-8F03-2FFAF36FD703}.Release|x64.ActiveCfg = Release|Any CPU
		{71C8C484-63CF-446E-8F03-2FFAF36FD703}.Release|x64.Build.0 = Release|Any CPU
		{71C8C484-63CF-446E-8F03-2FFAF36FD703}.Release|x86.ActiveCfg = Release|Any CPU
		{71C8C484-63CF-446E-8F03-2FFAF36FD703}.Release|x86.Build.0 = Release|Any CPU
	EndGlobalSection
	GlobalSection(SolutionProperties) = preSolution
		HideSolutionNode = FALSE
	EndGlobalSection
	GlobalSection(ExtensibilityGlobals) = postSolution
		SolutionGuid = {6A0B6996-17F0-4878-A1B7-3F22C19CC8FB}
	EndGlobalSection
EndGlobal
