
Microsoft Visual Studio Solution File, Format Version 12.00
# Visual Studio Version 16
VisualStudioVersion = 16.0.28917.182
MinimumVisualStudioVersion = 10.0.40219.1
Project("{D954291E-2A0B-460D-934E-DC6B0785DB48}") = "ConsistentUI.Shared", "ConsistentUI\ConsistentUI.Shared\ConsistentUI.Shared.shproj", "{6279C845-92F8-4333-AB99-3D213163593C}"
EndProject
Project("{FAE04EC0-301F-11D3-BF4B-00C04F79EFBC}") = "ConsistentUI.Droid", "ConsistentUI\ConsistentUI.Droid\ConsistentUI.Droid.csproj", "{1AADAF2C-751C-4F5C-A7C6-AEBFE1EC1DC1}"
EndProject
Project("{FAE04EC0-301F-11D3-BF4B-00C04F79EFBC}") = "ConsistentUI.iOS", "ConsistentUI\ConsistentUI.iOS\ConsistentUI.iOS.csproj", "{6F62BFFE-3BED-418C-B44B-47AF3E217B27}"
EndProject
Project("{FAE04EC0-301F-11D3-BF4B-00C04F79EFBC}") = "ConsistentUI.UWP", "ConsistentUI\ConsistentUI.UWP\ConsistentUI.UWP.csproj", "{C6410179-0561-4FCE-91C8-742FD7C4DF61}"
EndProject
Project("{9A19103F-16F7-4668-BE54-9A1E7A4F7556}") = "ConsistentUI.Wasm", "ConsistentUI\ConsistentUI.Wasm\ConsistentUI.Wasm.csproj", "{F0505E55-4CD2-45C9-A9EF-A0DB549C75C8}"
EndProject
Global
	GlobalSection(SharedMSBuildProjectFiles) = preSolution
		ConsistentUI\ConsistentUI.Shared\ConsistentUI.Shared.projitems*{1aadaf2c-751c-4f5c-a7c6-aebfe1ec1dc1}*SharedItemsImports = 4
		ConsistentUI\ConsistentUI.Shared\ConsistentUI.Shared.projitems*{6279c845-92f8-4333-ab99-3d213163593c}*SharedItemsImports = 13
		ConsistentUI\ConsistentUI.Shared\ConsistentUI.Shared.projitems*{6f62bffe-3bed-418c-b44b-47af3e217b27}*SharedItemsImports = 4
		ConsistentUI\ConsistentUI.Shared\ConsistentUI.Shared.projitems*{c6410179-0561-4fce-91c8-742fd7c4df61}*SharedItemsImports = 4
	EndGlobalSection
	GlobalSection(SolutionConfigurationPlatforms) = preSolution
		Ad-Hoc|Any CPU = Ad-Hoc|Any CPU
		Ad-Hoc|ARM = Ad-Hoc|ARM
		Ad-Hoc|iPhone = Ad-Hoc|iPhone
		Ad-Hoc|iPhoneSimulator = Ad-Hoc|iPhoneSimulator
		Ad-Hoc|x64 = Ad-Hoc|x64
		Ad-Hoc|x86 = Ad-Hoc|x86
		AppStore|Any CPU = AppStore|Any CPU
		AppStore|ARM = AppStore|ARM
		AppStore|iPhone = AppStore|iPhone
		AppStore|iPhoneSimulator = AppStore|iPhoneSimulator
		AppStore|x64 = AppStore|x64
		AppStore|x86 = AppStore|x86
		Debug|Any CPU = Debug|Any CPU
		Debug|ARM = Debug|ARM
		Debug|iPhone = Debug|iPhone
		Debug|iPhoneSimulator = Debug|iPhoneSimulator
		Debug|x64 = Debug|x64
		Debug|x86 = Debug|x86
		Release|Any CPU = Release|Any CPU
		Release|ARM = Release|ARM
		Release|iPhone = Release|iPhone
		Release|iPhoneSimulator = Release|iPhoneSimulator
		Release|x64 = Release|x64
		Release|x86 = Release|x86
	EndGlobalSection
	GlobalSection(ProjectConfigurationPlatforms) = postSolution
		{1AADAF2C-751C-4F5C-A7C6-AEBFE1EC1DC1}.Ad-Hoc|Any CPU.ActiveCfg = Release|Any CPU
		{1AADAF2C-751C-4F5C-A7C6-AEBFE1EC1DC1}.Ad-Hoc|Any CPU.Build.0 = Release|Any CPU
		{1AADAF2C-751C-4F5C-A7C6-AEBFE1EC1DC1}.Ad-Hoc|Any CPU.Deploy.0 = Release|Any CPU
		{1AADAF2C-751C-4F5C-A7C6-AEBFE1EC1DC1}.Ad-Hoc|ARM.ActiveCfg = Release|Any CPU
		{1AADAF2C-751C-4F5C-A7C6-AEBFE1EC1DC1}.Ad-Hoc|ARM.Build.0 = Release|Any CPU
		{1AADAF2C-751C-4F5C-A7C6-AEBFE1EC1DC1}.Ad-Hoc|ARM.Deploy.0 = Release|Any CPU
		{1AADAF2C-751C-4F5C-A7C6-AEBFE1EC1DC1}.Ad-Hoc|iPhone.ActiveCfg = Release|Any CPU
		{1AADAF2C-751C-4F5C-A7C6-AEBFE1EC1DC1}.Ad-Hoc|iPhone.Build.0 = Release|Any CPU
		{1AADAF2C-751C-4F5C-A7C6-AEBFE1EC1DC1}.Ad-Hoc|iPhone.Deploy.0 = Release|Any CPU
		{1AADAF2C-751C-4F5C-A7C6-AEBFE1EC1DC1}.Ad-Hoc|iPhoneSimulator.ActiveCfg = Release|Any CPU
		{1AADAF2C-751C-4F5C-A7C6-AEBFE1EC1DC1}.Ad-Hoc|iPhoneSimulator.Build.0 = Release|Any CPU
		{1AADAF2C-751C-4F5C-A7C6-AEBFE1EC1DC1}.Ad-Hoc|iPhoneSimulator.Deploy.0 = Release|Any CPU
		{1AADAF2C-751C-4F5C-A7C6-AEBFE1EC1DC1}.Ad-Hoc|x64.ActiveCfg = Release|Any CPU
		{1AADAF2C-751C-4F5C-A7C6-AEBFE1EC1DC1}.Ad-Hoc|x64.Build.0 = Release|Any CPU
		{1AADAF2C-751C-4F5C-A7C6-AEBFE1EC1DC1}.Ad-Hoc|x64.Deploy.0 = Release|Any CPU
		{1AADAF2C-751C-4F5C-A7C6-AEBFE1EC1DC1}.Ad-Hoc|x86.ActiveCfg = Release|Any CPU
		{1AADAF2C-751C-4F5C-A7C6-AEBFE1EC1DC1}.Ad-Hoc|x86.Build.0 = Release|Any CPU
		{1AADAF2C-751C-4F5C-A7C6-AEBFE1EC1DC1}.Ad-Hoc|x86.Deploy.0 = Release|Any CPU
		{1AADAF2C-751C-4F5C-A7C6-AEBFE1EC1DC1}.AppStore|Any CPU.ActiveCfg = Release|Any CPU
		{1AADAF2C-751C-4F5C-A7C6-AEBFE1EC1DC1}.AppStore|Any CPU.Build.0 = Release|Any CPU
		{1AADAF2C-751C-4F5C-A7C6-AEBFE1EC1DC1}.AppStore|Any CPU.Deploy.0 = Release|Any CPU
		{1AADAF2C-751C-4F5C-A7C6-AEBFE1EC1DC1}.AppStore|ARM.ActiveCfg = Release|Any CPU
		{1AADAF2C-751C-4F5C-A7C6-AEBFE1EC1DC1}.AppStore|ARM.Build.0 = Release|Any CPU
		{1AADAF2C-751C-4F5C-A7C6-AEBFE1EC1DC1}.AppStore|ARM.Deploy.0 = Release|Any CPU
		{1AADAF2C-751C-4F5C-A7C6-AEBFE1EC1DC1}.AppStore|iPhone.ActiveCfg = Release|Any CPU
		{1AADAF2C-751C-4F5C-A7C6-AEBFE1EC1DC1}.AppStore|iPhone.Build.0 = Release|Any CPU
		{1AADAF2C-751C-4F5C-A7C6-AEBFE1EC1DC1}.AppStore|iPhone.Deploy.0 = Release|Any CPU
		{1AADAF2C-751C-4F5C-A7C6-AEBFE1EC1DC1}.AppStore|iPhoneSimulator.ActiveCfg = Release|Any CPU
		{1AADAF2C-751C-4F5C-A7C6-AEBFE1EC1DC1}.AppStore|iPhoneSimulator.Build.0 = Release|Any CPU
		{1AADAF2C-751C-4F5C-A7C6-AEBFE1EC1DC1}.AppStore|iPhoneSimulator.Deploy.0 = Release|Any CPU
		{1AADAF2C-751C-4F5C-A7C6-AEBFE1EC1DC1}.AppStore|x64.ActiveCfg = Release|Any CPU
		{1AADAF2C-751C-4F5C-A7C6-AEBFE1EC1DC1}.AppStore|x64.Build.0 = Release|Any CPU
		{1AADAF2C-751C-4F5C-A7C6-AEBFE1EC1DC1}.AppStore|x64.Deploy.0 = Release|Any CPU
		{1AADAF2C-751C-4F5C-A7C6-AEBFE1EC1DC1}.AppStore|x86.ActiveCfg = Release|Any CPU
		{1AADAF2C-751C-4F5C-A7C6-AEBFE1EC1DC1}.AppStore|x86.Build.0 = Release|Any CPU
		{1AADAF2C-751C-4F5C-A7C6-AEBFE1EC1DC1}.AppStore|x86.Deploy.0 = Release|Any CPU
		{1AADAF2C-751C-4F5C-A7C6-AEBFE1EC1DC1}.Debug|Any CPU.ActiveCfg = Debug|Any CPU
		{1AADAF2C-751C-4F5C-A7C6-AEBFE1EC1DC1}.Debug|Any CPU.Build.0 = Debug|Any CPU
		{1AADAF2C-751C-4F5C-A7C6-AEBFE1EC1DC1}.Debug|Any CPU.Deploy.0 = Debug|Any CPU
		{1AADAF2C-751C-4F5C-A7C6-AEBFE1EC1DC1}.Debug|ARM.ActiveCfg = Debug|Any CPU
		{1AADAF2C-751C-4F5C-A7C6-AEBFE1EC1DC1}.Debug|ARM.Build.0 = Debug|Any CPU
		{1AADAF2C-751C-4F5C-A7C6-AEBFE1EC1DC1}.Debug|ARM.Deploy.0 = Debug|Any CPU
		{1AADAF2C-751C-4F5C-A7C6-AEBFE1EC1DC1}.Debug|iPhone.ActiveCfg = Debug|Any CPU
		{1AADAF2C-751C-4F5C-A7C6-AEBFE1EC1DC1}.Debug|iPhone.Build.0 = Debug|Any CPU
		{1AADAF2C-751C-4F5C-A7C6-AEBFE1EC1DC1}.Debug|iPhone.Deploy.0 = Debug|Any CPU
		{1AADAF2C-751C-4F5C-A7C6-AEBFE1EC1DC1}.Debug|iPhoneSimulator.ActiveCfg = Debug|Any CPU
		{1AADAF2C-751C-4F5C-A7C6-AEBFE1EC1DC1}.Debug|iPhoneSimulator.Build.0 = Debug|Any CPU
		{1AADAF2C-751C-4F5C-A7C6-AEBFE1EC1DC1}.Debug|iPhoneSimulator.Deploy.0 = Debug|Any CPU
		{1AADAF2C-751C-4F5C-A7C6-AEBFE1EC1DC1}.Debug|x64.ActiveCfg = Debug|Any CPU
		{1AADAF2C-751C-4F5C-A7C6-AEBFE1EC1DC1}.Debug|x64.Build.0 = Debug|Any CPU
		{1AADAF2C-751C-4F5C-A7C6-AEBFE1EC1DC1}.Debug|x64.Deploy.0 = Debug|Any CPU
		{1AADAF2C-751C-4F5C-A7C6-AEBFE1EC1DC1}.Debug|x86.ActiveCfg = Debug|Any CPU
		{1AADAF2C-751C-4F5C-A7C6-AEBFE1EC1DC1}.Debug|x86.Build.0 = Debug|Any CPU
		{1AADAF2C-751C-4F5C-A7C6-AEBFE1EC1DC1}.Debug|x86.Deploy.0 = Debug|Any CPU
		{1AADAF2C-751C-4F5C-A7C6-AEBFE1EC1DC1}.Release|Any CPU.ActiveCfg = Release|Any CPU
		{1AADAF2C-751C-4F5C-A7C6-AEBFE1EC1DC1}.Release|Any CPU.Build.0 = Release|Any CPU
		{1AADAF2C-751C-4F5C-A7C6-AEBFE1EC1DC1}.Release|Any CPU.Deploy.0 = Release|Any CPU
		{1AADAF2C-751C-4F5C-A7C6-AEBFE1EC1DC1}.Release|ARM.ActiveCfg = Release|Any CPU
		{1AADAF2C-751C-4F5C-A7C6-AEBFE1EC1DC1}.Release|ARM.Build.0 = Release|Any CPU
		{1AADAF2C-751C-4F5C-A7C6-AEBFE1EC1DC1}.Release|ARM.Deploy.0 = Release|Any CPU
		{1AADAF2C-751C-4F5C-A7C6-AEBFE1EC1DC1}.Release|iPhone.ActiveCfg = Release|Any CPU
		{1AADAF2C-751C-4F5C-A7C6-AEBFE1EC1DC1}.Release|iPhone.Build.0 = Release|Any CPU
		{1AADAF2C-751C-4F5C-A7C6-AEBFE1EC1DC1}.Release|iPhone.Deploy.0 = Release|Any CPU
		{1AADAF2C-751C-4F5C-A7C6-AEBFE1EC1DC1}.Release|iPhoneSimulator.ActiveCfg = Release|Any CPU
		{1AADAF2C-751C-4F5C-A7C6-AEBFE1EC1DC1}.Release|iPhoneSimulator.Build.0 = Release|Any CPU
		{1AADAF2C-751C-4F5C-A7C6-AEBFE1EC1DC1}.Release|iPhoneSimulator.Deploy.0 = Release|Any CPU
		{1AADAF2C-751C-4F5C-A7C6-AEBFE1EC1DC1}.Release|x64.ActiveCfg = Release|Any CPU
		{1AADAF2C-751C-4F5C-A7C6-AEBFE1EC1DC1}.Release|x64.Build.0 = Release|Any CPU
		{1AADAF2C-751C-4F5C-A7C6-AEBFE1EC1DC1}.Release|x64.Deploy.0 = Release|Any CPU
		{1AADAF2C-751C-4F5C-A7C6-AEBFE1EC1DC1}.Release|x86.ActiveCfg = Release|Any CPU
		{1AADAF2C-751C-4F5C-A7C6-AEBFE1EC1DC1}.Release|x86.Build.0 = Release|Any CPU
		{1AADAF2C-751C-4F5C-A7C6-AEBFE1EC1DC1}.Release|x86.Deploy.0 = Release|Any CPU
		{6F62BFFE-3BED-418C-B44B-47AF3E217B27}.Ad-Hoc|Any CPU.ActiveCfg = Ad-Hoc|iPhone
		{6F62BFFE-3BED-418C-B44B-47AF3E217B27}.Ad-Hoc|ARM.ActiveCfg = Ad-Hoc|iPhone
		{6F62BFFE-3BED-418C-B44B-47AF3E217B27}.Ad-Hoc|iPhone.ActiveCfg = Ad-Hoc|iPhone
		{6F62BFFE-3BED-418C-B44B-47AF3E217B27}.Ad-Hoc|iPhone.Build.0 = Ad-Hoc|iPhone
		{6F62BFFE-3BED-418C-B44B-47AF3E217B27}.Ad-Hoc|iPhoneSimulator.ActiveCfg = Ad-Hoc|iPhoneSimulator
		{6F62BFFE-3BED-418C-B44B-47AF3E217B27}.Ad-Hoc|iPhoneSimulator.Build.0 = Ad-Hoc|iPhoneSimulator
		{6F62BFFE-3BED-418C-B44B-47AF3E217B27}.Ad-Hoc|x64.ActiveCfg = Ad-Hoc|iPhone
		{6F62BFFE-3BED-418C-B44B-47AF3E217B27}.Ad-Hoc|x86.ActiveCfg = Ad-Hoc|iPhone
		{6F62BFFE-3BED-418C-B44B-47AF3E217B27}.AppStore|Any CPU.ActiveCfg = AppStore|iPhone
		{6F62BFFE-3BED-418C-B44B-47AF3E217B27}.AppStore|ARM.ActiveCfg = AppStore|iPhone
		{6F62BFFE-3BED-418C-B44B-47AF3E217B27}.AppStore|iPhone.ActiveCfg = AppStore|iPhone
		{6F62BFFE-3BED-418C-B44B-47AF3E217B27}.AppStore|iPhone.Build.0 = AppStore|iPhone
		{6F62BFFE-3BED-418C-B44B-47AF3E217B27}.AppStore|iPhoneSimulator.ActiveCfg = AppStore|iPhoneSimulator
		{6F62BFFE-3BED-418C-B44B-47AF3E217B27}.AppStore|iPhoneSimulator.Build.0 = AppStore|iPhoneSimulator
		{6F62BFFE-3BED-418C-B44B-47AF3E217B27}.AppStore|x64.ActiveCfg = AppStore|iPhone
		{6F62BFFE-3BED-418C-B44B-47AF3E217B27}.AppStore|x86.ActiveCfg = AppStore|iPhone
		{6F62BFFE-3BED-418C-B44B-47AF3E217B27}.Debug|Any CPU.ActiveCfg = Debug|iPhone
		{6F62BFFE-3BED-418C-B44B-47AF3E217B27}.Debug|ARM.ActiveCfg = Debug|iPhone
		{6F62BFFE-3BED-418C-B44B-47AF3E217B27}.Debug|iPhone.ActiveCfg = Debug|iPhone
		{6F62BFFE-3BED-418C-B44B-47AF3E217B27}.Debug|iPhone.Build.0 = Debug|iPhone
		{6F62BFFE-3BED-418C-B44B-47AF3E217B27}.Debug|iPhoneSimulator.ActiveCfg = Debug|iPhoneSimulator
		{6F62BFFE-3BED-418C-B44B-47AF3E217B27}.Debug|iPhoneSimulator.Build.0 = Debug|iPhoneSimulator
		{6F62BFFE-3BED-418C-B44B-47AF3E217B27}.Debug|x64.ActiveCfg = Debug|iPhone
		{6F62BFFE-3BED-418C-B44B-47AF3E217B27}.Debug|x86.ActiveCfg = Debug|iPhone
		{6F62BFFE-3BED-418C-B44B-47AF3E217B27}.Release|Any CPU.ActiveCfg = Release|iPhone
		{6F62BFFE-3BED-418C-B44B-47AF3E217B27}.Release|ARM.ActiveCfg = Release|iPhone
		{6F62BFFE-3BED-418C-B44B-47AF3E217B27}.Release|iPhone.ActiveCfg = Release|iPhone
		{6F62BFFE-3BED-418C-B44B-47AF3E217B27}.Release|iPhone.Build.0 = Release|iPhone
		{6F62BFFE-3BED-418C-B44B-47AF3E217B27}.Release|iPhoneSimulator.ActiveCfg = Release|iPhoneSimulator
		{6F62BFFE-3BED-418C-B44B-47AF3E217B27}.Release|iPhoneSimulator.Build.0 = Release|iPhoneSimulator
		{6F62BFFE-3BED-418C-B44B-47AF3E217B27}.Release|x64.ActiveCfg = Release|iPhone
		{6F62BFFE-3BED-418C-B44B-47AF3E217B27}.Release|x86.ActiveCfg = Release|iPhone
		{C6410179-0561-4FCE-91C8-742FD7C4DF61}.Ad-Hoc|Any CPU.ActiveCfg = Release|x64
		{C6410179-0561-4FCE-91C8-742FD7C4DF61}.Ad-Hoc|Any CPU.Build.0 = Release|x64
		{C6410179-0561-4FCE-91C8-742FD7C4DF61}.Ad-Hoc|Any CPU.Deploy.0 = Release|x64
		{C6410179-0561-4FCE-91C8-742FD7C4DF61}.Ad-Hoc|ARM.ActiveCfg = Release|ARM
		{C6410179-0561-4FCE-91C8-742FD7C4DF61}.Ad-Hoc|ARM.Build.0 = Release|ARM
		{C6410179-0561-4FCE-91C8-742FD7C4DF61}.Ad-Hoc|ARM.Deploy.0 = Release|ARM
		{C6410179-0561-4FCE-91C8-742FD7C4DF61}.Ad-Hoc|iPhone.ActiveCfg = Release|x64
		{C6410179-0561-4FCE-91C8-742FD7C4DF61}.Ad-Hoc|iPhone.Build.0 = Release|x64
		{C6410179-0561-4FCE-91C8-742FD7C4DF61}.Ad-Hoc|iPhone.Deploy.0 = Release|x64
		{C6410179-0561-4FCE-91C8-742FD7C4DF61}.Ad-Hoc|iPhoneSimulator.ActiveCfg = Release|x64
		{C6410179-0561-4FCE-91C8-742FD7C4DF61}.Ad-Hoc|iPhoneSimulator.Build.0 = Release|x64
		{C6410179-0561-4FCE-91C8-742FD7C4DF61}.Ad-Hoc|iPhoneSimulator.Deploy.0 = Release|x64
		{C6410179-0561-4FCE-91C8-742FD7C4DF61}.Ad-Hoc|x64.ActiveCfg = Release|x64
		{C6410179-0561-4FCE-91C8-742FD7C4DF61}.Ad-Hoc|x64.Build.0 = Release|x64
		{C6410179-0561-4FCE-91C8-742FD7C4DF61}.Ad-Hoc|x64.Deploy.0 = Release|x64
		{C6410179-0561-4FCE-91C8-742FD7C4DF61}.Ad-Hoc|x86.ActiveCfg = Release|x86
		{C6410179-0561-4FCE-91C8-742FD7C4DF61}.Ad-Hoc|x86.Build.0 = Release|x86
		{C6410179-0561-4FCE-91C8-742FD7C4DF61}.Ad-Hoc|x86.Deploy.0 = Release|x86
		{C6410179-0561-4FCE-91C8-742FD7C4DF61}.AppStore|Any CPU.ActiveCfg = Release|x64
		{C6410179-0561-4FCE-91C8-742FD7C4DF61}.AppStore|Any CPU.Build.0 = Release|x64
		{C6410179-0561-4FCE-91C8-742FD7C4DF61}.AppStore|Any CPU.Deploy.0 = Release|x64
		{C6410179-0561-4FCE-91C8-742FD7C4DF61}.AppStore|ARM.ActiveCfg = Release|ARM
		{C6410179-0561-4FCE-91C8-742FD7C4DF61}.AppStore|ARM.Build.0 = Release|ARM
		{C6410179-0561-4FCE-91C8-742FD7C4DF61}.AppStore|ARM.Deploy.0 = Release|ARM
		{C6410179-0561-4FCE-91C8-742FD7C4DF61}.AppStore|iPhone.ActiveCfg = Release|x64
		{C6410179-0561-4FCE-91C8-742FD7C4DF61}.AppStore|iPhone.Build.0 = Release|x64
		{C6410179-0561-4FCE-91C8-742FD7C4DF61}.AppStore|iPhone.Deploy.0 = Release|x64
		{C6410179-0561-4FCE-91C8-742FD7C4DF61}.AppStore|iPhoneSimulator.ActiveCfg = Release|x64
		{C6410179-0561-4FCE-91C8-742FD7C4DF61}.AppStore|iPhoneSimulator.Build.0 = Release|x64
		{C6410179-0561-4FCE-91C8-742FD7C4DF61}.AppStore|iPhoneSimulator.Deploy.0 = Release|x64
		{C6410179-0561-4FCE-91C8-742FD7C4DF61}.AppStore|x64.ActiveCfg = Release|x64
		{C6410179-0561-4FCE-91C8-742FD7C4DF61}.AppStore|x64.Build.0 = Release|x64
		{C6410179-0561-4FCE-91C8-742FD7C4DF61}.AppStore|x64.Deploy.0 = Release|x64
		{C6410179-0561-4FCE-91C8-742FD7C4DF61}.AppStore|x86.ActiveCfg = Release|x86
		{C6410179-0561-4FCE-91C8-742FD7C4DF61}.AppStore|x86.Build.0 = Release|x86
		{C6410179-0561-4FCE-91C8-742FD7C4DF61}.AppStore|x86.Deploy.0 = Release|x86
		{C6410179-0561-4FCE-91C8-742FD7C4DF61}.Debug|Any CPU.ActiveCfg = Debug|x86
		{C6410179-0561-4FCE-91C8-742FD7C4DF61}.Debug|ARM.ActiveCfg = Debug|ARM
		{C6410179-0561-4FCE-91C8-742FD7C4DF61}.Debug|ARM.Build.0 = Debug|ARM
		{C6410179-0561-4FCE-91C8-742FD7C4DF61}.Debug|ARM.Deploy.0 = Debug|ARM
		{C6410179-0561-4FCE-91C8-742FD7C4DF61}.Debug|iPhone.ActiveCfg = Debug|x86
		{C6410179-0561-4FCE-91C8-742FD7C4DF61}.Debug|iPhoneSimulator.ActiveCfg = Debug|x86
		{C6410179-0561-4FCE-91C8-742FD7C4DF61}.Debug|x64.ActiveCfg = Debug|x64
		{C6410179-0561-4FCE-91C8-742FD7C4DF61}.Debug|x64.Build.0 = Debug|x64
		{C6410179-0561-4FCE-91C8-742FD7C4DF61}.Debug|x64.Deploy.0 = Debug|x64
		{C6410179-0561-4FCE-91C8-742FD7C4DF61}.Debug|x86.ActiveCfg = Debug|x86
		{C6410179-0561-4FCE-91C8-742FD7C4DF61}.Debug|x86.Build.0 = Debug|x86
		{C6410179-0561-4FCE-91C8-742FD7C4DF61}.Debug|x86.Deploy.0 = Debug|x86
		{C6410179-0561-4FCE-91C8-742FD7C4DF61}.Release|Any CPU.ActiveCfg = Release|x86
		{C6410179-0561-4FCE-91C8-742FD7C4DF61}.Release|ARM.ActiveCfg = Release|ARM
		{C6410179-0561-4FCE-91C8-742FD7C4DF61}.Release|ARM.Build.0 = Release|ARM
		{C6410179-0561-4FCE-91C8-742FD7C4DF61}.Release|ARM.Deploy.0 = Release|ARM
		{C6410179-0561-4FCE-91C8-742FD7C4DF61}.Release|iPhone.ActiveCfg = Release|x86
		{C6410179-0561-4FCE-91C8-742FD7C4DF61}.Release|iPhoneSimulator.ActiveCfg = Release|x86
		{C6410179-0561-4FCE-91C8-742FD7C4DF61}.Release|x64.ActiveCfg = Release|x64
		{C6410179-0561-4FCE-91C8-742FD7C4DF61}.Release|x64.Build.0 = Release|x64
		{C6410179-0561-4FCE-91C8-742FD7C4DF61}.Release|x64.Deploy.0 = Release|x64
		{C6410179-0561-4FCE-91C8-742FD7C4DF61}.Release|x86.ActiveCfg = Release|x86
		{C6410179-0561-4FCE-91C8-742FD7C4DF61}.Release|x86.Build.0 = Release|x86
		{C6410179-0561-4FCE-91C8-742FD7C4DF61}.Release|x86.Deploy.0 = Release|x86
		{F0505E55-4CD2-45C9-A9EF-A0DB549C75C8}.Ad-Hoc|Any CPU.ActiveCfg = Debug|Any CPU
		{F0505E55-4CD2-45C9-A9EF-A0DB549C75C8}.Ad-Hoc|Any CPU.Build.0 = Debug|Any CPU
		{F0505E55-4CD2-45C9-A9EF-A0DB549C75C8}.Ad-Hoc|ARM.ActiveCfg = Debug|Any CPU
		{F0505E55-4CD2-45C9-A9EF-A0DB549C75C8}.Ad-Hoc|ARM.Build.0 = Debug|Any CPU
		{F0505E55-4CD2-45C9-A9EF-A0DB549C75C8}.Ad-Hoc|iPhone.ActiveCfg = Debug|Any CPU
		{F0505E55-4CD2-45C9-A9EF-A0DB549C75C8}.Ad-Hoc|iPhone.Build.0 = Debug|Any CPU
		{F0505E55-4CD2-45C9-A9EF-A0DB549C75C8}.Ad-Hoc|iPhoneSimulator.ActiveCfg = Debug|Any CPU
		{F0505E55-4CD2-45C9-A9EF-A0DB549C75C8}.Ad-Hoc|iPhoneSimulator.Build.0 = Debug|Any CPU
		{F0505E55-4CD2-45C9-A9EF-A0DB549C75C8}.Ad-Hoc|x64.ActiveCfg = Debug|Any CPU
		{F0505E55-4CD2-45C9-A9EF-A0DB549C75C8}.Ad-Hoc|x64.Build.0 = Debug|Any CPU
		{F0505E55-4CD2-45C9-A9EF-A0DB549C75C8}.Ad-Hoc|x86.ActiveCfg = Debug|Any CPU
		{F0505E55-4CD2-45C9-A9EF-A0DB549C75C8}.Ad-Hoc|x86.Build.0 = Debug|Any CPU
		{F0505E55-4CD2-45C9-A9EF-A0DB549C75C8}.AppStore|Any CPU.ActiveCfg = Debug|Any CPU
		{F0505E55-4CD2-45C9-A9EF-A0DB549C75C8}.AppStore|Any CPU.Build.0 = Debug|Any CPU
		{F0505E55-4CD2-45C9-A9EF-A0DB549C75C8}.AppStore|ARM.ActiveCfg = Debug|Any CPU
		{F0505E55-4CD2-45C9-A9EF-A0DB549C75C8}.AppStore|ARM.Build.0 = Debug|Any CPU
		{F0505E55-4CD2-45C9-A9EF-A0DB549C75C8}.AppStore|iPhone.ActiveCfg = Debug|Any CPU
		{F0505E55-4CD2-45C9-A9EF-A0DB549C75C8}.AppStore|iPhone.Build.0 = Debug|Any CPU
		{F0505E55-4CD2-45C9-A9EF-A0DB549C75C8}.AppStore|iPhoneSimulator.ActiveCfg = Debug|Any CPU
		{F0505E55-4CD2-45C9-A9EF-A0DB549C75C8}.AppStore|iPhoneSimulator.Build.0 = Debug|Any CPU
		{F0505E55-4CD2-45C9-A9EF-A0DB549C75C8}.AppStore|x64.ActiveCfg = Debug|Any CPU
		{F0505E55-4CD2-45C9-A9EF-A0DB549C75C8}.AppStore|x64.Build.0 = Debug|Any CPU
		{F0505E55-4CD2-45C9-A9EF-A0DB549C75C8}.AppStore|x86.ActiveCfg = Debug|Any CPU
		{F0505E55-4CD2-45C9-A9EF-A0DB549C75C8}.AppStore|x86.Build.0 = Debug|Any CPU
		{F0505E55-4CD2-45C9-A9EF-A0DB549C75C8}.Debug|Any CPU.ActiveCfg = Debug|Any CPU
		{F0505E55-4CD2-45C9-A9EF-A0DB549C75C8}.Debug|Any CPU.Build.0 = Debug|Any CPU
		{F0505E55-4CD2-45C9-A9EF-A0DB549C75C8}.Debug|ARM.ActiveCfg = Debug|Any CPU
		{F0505E55-4CD2-45C9-A9EF-A0DB549C75C8}.Debug|ARM.Build.0 = Debug|Any CPU
		{F0505E55-4CD2-45C9-A9EF-A0DB549C75C8}.Debug|iPhone.ActiveCfg = Debug|Any CPU
		{F0505E55-4CD2-45C9-A9EF-A0DB549C75C8}.Debug|iPhone.Build.0 = Debug|Any CPU
		{F0505E55-4CD2-45C9-A9EF-A0DB549C75C8}.Debug|iPhoneSimulator.ActiveCfg = Debug|Any CPU
		{F0505E55-4CD2-45C9-A9EF-A0DB549C75C8}.Debug|iPhoneSimulator.Build.0 = Debug|Any CPU
		{F0505E55-4CD2-45C9-A9EF-A0DB549C75C8}.Debug|x64.ActiveCfg = Debug|Any CPU
		{F0505E55-4CD2-45C9-A9EF-A0DB549C75C8}.Debug|x64.Build.0 = Debug|Any CPU
		{F0505E55-4CD2-45C9-A9EF-A0DB549C75C8}.Debug|x86.ActiveCfg = Debug|Any CPU
		{F0505E55-4CD2-45C9-A9EF-A0DB549C75C8}.Debug|x86.Build.0 = Debug|Any CPU
		{F0505E55-4CD2-45C9-A9EF-A0DB549C75C8}.Release|Any CPU.ActiveCfg = Release|Any CPU
		{F0505E55-4CD2-45C9-A9EF-A0DB549C75C8}.Release|Any CPU.Build.0 = Release|Any CPU
		{F0505E55-4CD2-45C9-A9EF-A0DB549C75C8}.Release|ARM.ActiveCfg = Release|Any CPU
		{F0505E55-4CD2-45C9-A9EF-A0DB549C75C8}.Release|ARM.Build.0 = Release|Any CPU
		{F0505E55-4CD2-45C9-A9EF-A0DB549C75C8}.Release|iPhone.ActiveCfg = Release|Any CPU
		{F0505E55-4CD2-45C9-A9EF-A0DB549C75C8}.Release|iPhone.Build.0 = Release|Any CPU
		{F0505E55-4CD2-45C9-A9EF-A0DB549C75C8}.Release|iPhoneSimulator.ActiveCfg = Release|Any CPU
		{F0505E55-4CD2-45C9-A9EF-A0DB549C75C8}.Release|iPhoneSimulator.Build.0 = Release|Any CPU
		{F0505E55-4CD2-45C9-A9EF-A0DB549C75C8}.Release|x64.ActiveCfg = Release|Any CPU
		{F0505E55-4CD2-45C9-A9EF-A0DB549C75C8}.Release|x64.Build.0 = Release|Any CPU
		{F0505E55-4CD2-45C9-A9EF-A0DB549C75C8}.Release|x86.ActiveCfg = Release|Any CPU
		{F0505E55-4CD2-45C9-A9EF-A0DB549C75C8}.Release|x86.Build.0 = Release|Any CPU
	EndGlobalSection
	GlobalSection(SolutionProperties) = preSolution
		HideSolutionNode = FALSE
	EndGlobalSection
	GlobalSection(ExtensibilityGlobals) = postSolution
		SolutionGuid = {65F08203-800C-41F6-B4F3-90DAA06D54D6}
	EndGlobalSection
EndGlobal
