
Microsoft Visual Studio Solution File, Format Version 12.00
# Visual Studio Version 16
VisualStudioVersion = 16.0.29318.209
MinimumVisualStudioVersion = 10.0.40219.1
Project("{D954291E-2A0B-460D-934E-DC6B0785DB48}") = "AdaptiveUI.Shared", "AdaptiveUI\AdaptiveUI.Shared\AdaptiveUI.Shared.shproj", "{6279C845-92F8-4333-AB99-3D213163593C}"
EndProject
Project("{FAE04EC0-301F-11D3-BF4B-00C04F79EFBC}") = "AdaptiveUI.Droid", "AdaptiveUI\AdaptiveUI.Droid\AdaptiveUI.Droid.csproj", "{0394E33B-5E38-43E6-9537-FF458D9AE6F1}"
EndProject
Project("{FAE04EC0-301F-11D3-BF4B-00C04F79EFBC}") = "AdaptiveUI.iOS", "AdaptiveUI\AdaptiveUI.iOS\AdaptiveUI.iOS.csproj", "{ADEEF34D-98B2-4B11-AAD6-5386F8A770E5}"
EndProject
Project("{FAE04EC0-301F-11D3-BF4B-00C04F79EFBC}") = "AdaptiveUI.UWP", "AdaptiveUI\AdaptiveUI.UWP\AdaptiveUI.UWP.csproj", "{05E0F448-A9E8-4BB7-A529-635B6336B587}"
EndProject
Project("{9A19103F-16F7-4668-BE54-9A1E7A4F7556}") = "AdaptiveUI.Wasm", "AdaptiveUI\AdaptiveUI.Wasm\AdaptiveUI.Wasm.csproj", "{D6EF779F-9BD8-4891-9301-598542EF877D}"
EndProject
Global
	GlobalSection(SharedMSBuildProjectFiles) = preSolution
		AdaptiveUI\AdaptiveUI.Shared\AdaptiveUI.Shared.projitems*{0394e33b-5e38-43e6-9537-ff458d9ae6f1}*SharedItemsImports = 4
		AdaptiveUI\AdaptiveUI.Shared\AdaptiveUI.Shared.projitems*{05e0f448-a9e8-4bb7-a529-635b6336b587}*SharedItemsImports = 4
		AdaptiveUI\AdaptiveUI.Shared\AdaptiveUI.Shared.projitems*{6279c845-92f8-4333-ab99-3d213163593c}*SharedItemsImports = 13
		AdaptiveUI\AdaptiveUI.Shared\AdaptiveUI.Shared.projitems*{adeef34d-98b2-4b11-aad6-5386f8a770e5}*SharedItemsImports = 4
	EndGlobalSection
	GlobalSection(SolutionConfigurationPlatforms) = preSolution
		Ad-Hoc|Any CPU = Ad-Hoc|Any CPU
		Ad-Hoc|ARM = Ad-Hoc|ARM
		Ad-Hoc|iPhone = Ad-Hoc|iPhone
		Ad-Hoc|iPhoneSimulator = Ad-Hoc|iPhoneSimulator
		Ad-Hoc|x64 = Ad-Hoc|x64
		Ad-Hoc|x86 = Ad-Hoc|x86
		AppStore|Any CPU = AppStore|Any CPU
		AppStore|ARM = AppStore|ARM
		AppStore|iPhone = AppStore|iPhone
		AppStore|iPhoneSimulator = AppStore|iPhoneSimulator
		AppStore|x64 = AppStore|x64
		AppStore|x86 = AppStore|x86
		Debug|Any CPU = Debug|Any CPU
		Debug|ARM = Debug|ARM
		Debug|iPhone = Debug|iPhone
		Debug|iPhoneSimulator = Debug|iPhoneSimulator
		Debug|x64 = Debug|x64
		Debug|x86 = Debug|x86
		Release|Any CPU = Release|Any CPU
		Release|ARM = Release|ARM
		Release|iPhone = Release|iPhone
		Release|iPhoneSimulator = Release|iPhoneSimulator
		Release|x64 = Release|x64
		Release|x86 = Release|x86
	EndGlobalSection
	GlobalSection(ProjectConfigurationPlatforms) = postSolution
		{0394E33B-5E38-43E6-9537-FF458D9AE6F1}.Ad-Hoc|Any CPU.ActiveCfg = Release|Any CPU
		{0394E33B-5E38-43E6-9537-FF458D9AE6F1}.Ad-Hoc|Any CPU.Build.0 = Release|Any CPU
		{0394E33B-5E38-43E6-9537-FF458D9AE6F1}.Ad-Hoc|Any CPU.Deploy.0 = Release|Any CPU
		{0394E33B-5E38-43E6-9537-FF458D9AE6F1}.Ad-Hoc|ARM.ActiveCfg = Release|Any CPU
		{0394E33B-5E38-43E6-9537-FF458D9AE6F1}.Ad-Hoc|ARM.Build.0 = Release|Any CPU
		{0394E33B-5E38-43E6-9537-FF458D9AE6F1}.Ad-Hoc|ARM.Deploy.0 = Release|Any CPU
		{0394E33B-5E38-43E6-9537-FF458D9AE6F1}.Ad-Hoc|iPhone.ActiveCfg = Release|Any CPU
		{0394E33B-5E38-43E6-9537-FF458D9AE6F1}.Ad-Hoc|iPhone.Build.0 = Release|Any CPU
		{0394E33B-5E38-43E6-9537-FF458D9AE6F1}.Ad-Hoc|iPhone.Deploy.0 = Release|Any CPU
		{0394E33B-5E38-43E6-9537-FF458D9AE6F1}.Ad-Hoc|iPhoneSimulator.ActiveCfg = Release|Any CPU
		{0394E33B-5E38-43E6-9537-FF458D9AE6F1}.Ad-Hoc|iPhoneSimulator.Build.0 = Release|Any CPU
		{0394E33B-5E38-43E6-9537-FF458D9AE6F1}.Ad-Hoc|iPhoneSimulator.Deploy.0 = Release|Any CPU
		{0394E33B-5E38-43E6-9537-FF458D9AE6F1}.Ad-Hoc|x64.ActiveCfg = Release|Any CPU
		{0394E33B-5E38-43E6-9537-FF458D9AE6F1}.Ad-Hoc|x64.Build.0 = Release|Any CPU
		{0394E33B-5E38-43E6-9537-FF458D9AE6F1}.Ad-Hoc|x64.Deploy.0 = Release|Any CPU
		{0394E33B-5E38-43E6-9537-FF458D9AE6F1}.Ad-Hoc|x86.ActiveCfg = Release|Any CPU
		{0394E33B-5E38-43E6-9537-FF458D9AE6F1}.Ad-Hoc|x86.Build.0 = Release|Any CPU
		{0394E33B-5E38-43E6-9537-FF458D9AE6F1}.Ad-Hoc|x86.Deploy.0 = Release|Any CPU
		{0394E33B-5E38-43E6-9537-FF458D9AE6F1}.AppStore|Any CPU.ActiveCfg = Release|Any CPU
		{0394E33B-5E38-43E6-9537-FF458D9AE6F1}.AppStore|Any CPU.Build.0 = Release|Any CPU
		{0394E33B-5E38-43E6-9537-FF458D9AE6F1}.AppStore|Any CPU.Deploy.0 = Release|Any CPU
		{0394E33B-5E38-43E6-9537-FF458D9AE6F1}.AppStore|ARM.ActiveCfg = Release|Any CPU
		{0394E33B-5E38-43E6-9537-FF458D9AE6F1}.AppStore|ARM.Build.0 = Release|Any CPU
		{0394E33B-5E38-43E6-9537-FF458D9AE6F1}.AppStore|ARM.Deploy.0 = Release|Any CPU
		{0394E33B-5E38-43E6-9537-FF458D9AE6F1}.AppStore|iPhone.ActiveCfg = Release|Any CPU
		{0394E33B-5E38-43E6-9537-FF458D9AE6F1}.AppStore|iPhone.Build.0 = Release|Any CPU
		{0394E33B-5E38-43E6-9537-FF458D9AE6F1}.AppStore|iPhone.Deploy.0 = Release|Any CPU
		{0394E33B-5E38-43E6-9537-FF458D9AE6F1}.AppStore|iPhoneSimulator.ActiveCfg = Release|Any CPU
		{0394E33B-5E38-43E6-9537-FF458D9AE6F1}.AppStore|iPhoneSimulator.Build.0 = Release|Any CPU
		{0394E33B-5E38-43E6-9537-FF458D9AE6F1}.AppStore|iPhoneSimulator.Deploy.0 = Release|Any CPU
		{0394E33B-5E38-43E6-9537-FF458D9AE6F1}.AppStore|x64.ActiveCfg = Release|Any CPU
		{0394E33B-5E38-43E6-9537-FF458D9AE6F1}.AppStore|x64.Build.0 = Release|Any CPU
		{0394E33B-5E38-43E6-9537-FF458D9AE6F1}.AppStore|x64.Deploy.0 = Release|Any CPU
		{0394E33B-5E38-43E6-9537-FF458D9AE6F1}.AppStore|x86.ActiveCfg = Release|Any CPU
		{0394E33B-5E38-43E6-9537-FF458D9AE6F1}.AppStore|x86.Build.0 = Release|Any CPU
		{0394E33B-5E38-43E6-9537-FF458D9AE6F1}.AppStore|x86.Deploy.0 = Release|Any CPU
		{0394E33B-5E38-43E6-9537-FF458D9AE6F1}.Debug|Any CPU.ActiveCfg = Debug|Any CPU
		{0394E33B-5E38-43E6-9537-FF458D9AE6F1}.Debug|Any CPU.Build.0 = Debug|Any CPU
		{0394E33B-5E38-43E6-9537-FF458D9AE6F1}.Debug|Any CPU.Deploy.0 = Debug|Any CPU
		{0394E33B-5E38-43E6-9537-FF458D9AE6F1}.Debug|ARM.ActiveCfg = Debug|Any CPU
		{0394E33B-5E38-43E6-9537-FF458D9AE6F1}.Debug|ARM.Build.0 = Debug|Any CPU
		{0394E33B-5E38-43E6-9537-FF458D9AE6F1}.Debug|ARM.Deploy.0 = Debug|Any CPU
		{0394E33B-5E38-43E6-9537-FF458D9AE6F1}.Debug|iPhone.ActiveCfg = Debug|Any CPU
		{0394E33B-5E38-43E6-9537-FF458D9AE6F1}.Debug|iPhone.Build.0 = Debug|Any CPU
		{0394E33B-5E38-43E6-9537-FF458D9AE6F1}.Debug|iPhone.Deploy.0 = Debug|Any CPU
		{0394E33B-5E38-43E6-9537-FF458D9AE6F1}.Debug|iPhoneSimulator.ActiveCfg = Debug|Any CPU
		{0394E33B-5E38-43E6-9537-FF458D9AE6F1}.Debug|iPhoneSimulator.Build.0 = Debug|Any CPU
		{0394E33B-5E38-43E6-9537-FF458D9AE6F1}.Debug|iPhoneSimulator.Deploy.0 = Debug|Any CPU
		{0394E33B-5E38-43E6-9537-FF458D9AE6F1}.Debug|x64.ActiveCfg = Debug|Any CPU
		{0394E33B-5E38-43E6-9537-FF458D9AE6F1}.Debug|x64.Build.0 = Debug|Any CPU
		{0394E33B-5E38-43E6-9537-FF458D9AE6F1}.Debug|x64.Deploy.0 = Debug|Any CPU
		{0394E33B-5E38-43E6-9537-FF458D9AE6F1}.Debug|x86.ActiveCfg = Debug|Any CPU
		{0394E33B-5E38-43E6-9537-FF458D9AE6F1}.Debug|x86.Build.0 = Debug|Any CPU
		{0394E33B-5E38-43E6-9537-FF458D9AE6F1}.Debug|x86.Deploy.0 = Debug|Any CPU
		{0394E33B-5E38-43E6-9537-FF458D9AE6F1}.Release|Any CPU.ActiveCfg = Release|Any CPU
		{0394E33B-5E38-43E6-9537-FF458D9AE6F1}.Release|Any CPU.Build.0 = Release|Any CPU
		{0394E33B-5E38-43E6-9537-FF458D9AE6F1}.Release|Any CPU.Deploy.0 = Release|Any CPU
		{0394E33B-5E38-43E6-9537-FF458D9AE6F1}.Release|ARM.ActiveCfg = Release|Any CPU
		{0394E33B-5E38-43E6-9537-FF458D9AE6F1}.Release|ARM.Build.0 = Release|Any CPU
		{0394E33B-5E38-43E6-9537-FF458D9AE6F1}.Release|ARM.Deploy.0 = Release|Any CPU
		{0394E33B-5E38-43E6-9537-FF458D9AE6F1}.Release|iPhone.ActiveCfg = Release|Any CPU
		{0394E33B-5E38-43E6-9537-FF458D9AE6F1}.Release|iPhone.Build.0 = Release|Any CPU
		{0394E33B-5E38-43E6-9537-FF458D9AE6F1}.Release|iPhone.Deploy.0 = Release|Any CPU
		{0394E33B-5E38-43E6-9537-FF458D9AE6F1}.Release|iPhoneSimulator.ActiveCfg = Release|Any CPU
		{0394E33B-5E38-43E6-9537-FF458D9AE6F1}.Release|iPhoneSimulator.Build.0 = Release|Any CPU
		{0394E33B-5E38-43E6-9537-FF458D9AE6F1}.Release|iPhoneSimulator.Deploy.0 = Release|Any CPU
		{0394E33B-5E38-43E6-9537-FF458D9AE6F1}.Release|x64.ActiveCfg = Release|Any CPU
		{0394E33B-5E38-43E6-9537-FF458D9AE6F1}.Release|x64.Build.0 = Release|Any CPU
		{0394E33B-5E38-43E6-9537-FF458D9AE6F1}.Release|x64.Deploy.0 = Release|Any CPU
		{0394E33B-5E38-43E6-9537-FF458D9AE6F1}.Release|x86.ActiveCfg = Release|Any CPU
		{0394E33B-5E38-43E6-9537-FF458D9AE6F1}.Release|x86.Build.0 = Release|Any CPU
		{0394E33B-5E38-43E6-9537-FF458D9AE6F1}.Release|x86.Deploy.0 = Release|Any CPU
		{ADEEF34D-98B2-4B11-AAD6-5386F8A770E5}.Ad-Hoc|Any CPU.ActiveCfg = Ad-Hoc|iPhone
		{ADEEF34D-98B2-4B11-AAD6-5386F8A770E5}.Ad-Hoc|ARM.ActiveCfg = Ad-Hoc|iPhone
		{ADEEF34D-98B2-4B11-AAD6-5386F8A770E5}.Ad-Hoc|iPhone.ActiveCfg = Ad-Hoc|iPhone
		{ADEEF34D-98B2-4B11-AAD6-5386F8A770E5}.Ad-Hoc|iPhone.Build.0 = Ad-Hoc|iPhone
		{ADEEF34D-98B2-4B11-AAD6-5386F8A770E5}.Ad-Hoc|iPhoneSimulator.ActiveCfg = Ad-Hoc|iPhoneSimulator
		{ADEEF34D-98B2-4B11-AAD6-5386F8A770E5}.Ad-Hoc|iPhoneSimulator.Build.0 = Ad-Hoc|iPhoneSimulator
		{ADEEF34D-98B2-4B11-AAD6-5386F8A770E5}.Ad-Hoc|x64.ActiveCfg = Ad-Hoc|iPhone
		{ADEEF34D-98B2-4B11-AAD6-5386F8A770E5}.Ad-Hoc|x86.ActiveCfg = Ad-Hoc|iPhone
		{ADEEF34D-98B2-4B11-AAD6-5386F8A770E5}.AppStore|Any CPU.ActiveCfg = AppStore|iPhone
		{ADEEF34D-98B2-4B11-AAD6-5386F8A770E5}.AppStore|ARM.ActiveCfg = AppStore|iPhone
		{ADEEF34D-98B2-4B11-AAD6-5386F8A770E5}.AppStore|iPhone.ActiveCfg = AppStore|iPhone
		{ADEEF34D-98B2-4B11-AAD6-5386F8A770E5}.AppStore|iPhone.Build.0 = AppStore|iPhone
		{ADEEF34D-98B2-4B11-AAD6-5386F8A770E5}.AppStore|iPhoneSimulator.ActiveCfg = AppStore|iPhoneSimulator
		{ADEEF34D-98B2-4B11-AAD6-5386F8A770E5}.AppStore|iPhoneSimulator.Build.0 = AppStore|iPhoneSimulator
		{ADEEF34D-98B2-4B11-AAD6-5386F8A770E5}.AppStore|x64.ActiveCfg = AppStore|iPhone
		{ADEEF34D-98B2-4B11-AAD6-5386F8A770E5}.AppStore|x86.ActiveCfg = AppStore|iPhone
		{ADEEF34D-98B2-4B11-AAD6-5386F8A770E5}.Debug|Any CPU.ActiveCfg = Debug|iPhone
		{ADEEF34D-98B2-4B11-AAD6-5386F8A770E5}.Debug|ARM.ActiveCfg = Debug|iPhone
		{ADEEF34D-98B2-4B11-AAD6-5386F8A770E5}.Debug|iPhone.ActiveCfg = Debug|iPhone
		{ADEEF34D-98B2-4B11-AAD6-5386F8A770E5}.Debug|iPhone.Build.0 = Debug|iPhone
		{ADEEF34D-98B2-4B11-AAD6-5386F8A770E5}.Debug|iPhoneSimulator.ActiveCfg = Debug|iPhoneSimulator
		{ADEEF34D-98B2-4B11-AAD6-5386F8A770E5}.Debug|iPhoneSimulator.Build.0 = Debug|iPhoneSimulator
		{ADEEF34D-98B2-4B11-AAD6-5386F8A770E5}.Debug|x64.ActiveCfg = Debug|iPhone
		{ADEEF34D-98B2-4B11-AAD6-5386F8A770E5}.Debug|x86.ActiveCfg = Debug|iPhone
		{ADEEF34D-98B2-4B11-AAD6-5386F8A770E5}.Release|Any CPU.ActiveCfg = Release|iPhone
		{ADEEF34D-98B2-4B11-AAD6-5386F8A770E5}.Release|ARM.ActiveCfg = Release|iPhone
		{ADEEF34D-98B2-4B11-AAD6-5386F8A770E5}.Release|iPhone.ActiveCfg = Release|iPhone
		{ADEEF34D-98B2-4B11-AAD6-5386F8A770E5}.Release|iPhone.Build.0 = Release|iPhone
		{ADEEF34D-98B2-4B11-AAD6-5386F8A770E5}.Release|iPhoneSimulator.ActiveCfg = Release|iPhoneSimulator
		{ADEEF34D-98B2-4B11-AAD6-5386F8A770E5}.Release|iPhoneSimulator.Build.0 = Release|iPhoneSimulator
		{ADEEF34D-98B2-4B11-AAD6-5386F8A770E5}.Release|x64.ActiveCfg = Release|iPhone
		{ADEEF34D-98B2-4B11-AAD6-5386F8A770E5}.Release|x86.ActiveCfg = Release|iPhone
		{05E0F448-A9E8-4BB7-A529-635B6336B587}.Ad-Hoc|Any CPU.ActiveCfg = Release|x64
		{05E0F448-A9E8-4BB7-A529-635B6336B587}.Ad-Hoc|Any CPU.Build.0 = Release|x64
		{05E0F448-A9E8-4BB7-A529-635B6336B587}.Ad-Hoc|Any CPU.Deploy.0 = Release|x64
		{05E0F448-A9E8-4BB7-A529-635B6336B587}.Ad-Hoc|ARM.ActiveCfg = Release|ARM
		{05E0F448-A9E8-4BB7-A529-635B6336B587}.Ad-Hoc|ARM.Build.0 = Release|ARM
		{05E0F448-A9E8-4BB7-A529-635B6336B587}.Ad-Hoc|ARM.Deploy.0 = Release|ARM
		{05E0F448-A9E8-4BB7-A529-635B6336B587}.Ad-Hoc|iPhone.ActiveCfg = Release|x64
		{05E0F448-A9E8-4BB7-A529-635B6336B587}.Ad-Hoc|iPhone.Build.0 = Release|x64
		{05E0F448-A9E8-4BB7-A529-635B6336B587}.Ad-Hoc|iPhone.Deploy.0 = Release|x64
		{05E0F448-A9E8-4BB7-A529-635B6336B587}.Ad-Hoc|iPhoneSimulator.ActiveCfg = Release|x64
		{05E0F448-A9E8-4BB7-A529-635B6336B587}.Ad-Hoc|iPhoneSimulator.Build.0 = Release|x64
		{05E0F448-A9E8-4BB7-A529-635B6336B587}.Ad-Hoc|iPhoneSimulator.Deploy.0 = Release|x64
		{05E0F448-A9E8-4BB7-A529-635B6336B587}.Ad-Hoc|x64.ActiveCfg = Release|x64
		{05E0F448-A9E8-4BB7-A529-635B6336B587}.Ad-Hoc|x64.Build.0 = Release|x64
		{05E0F448-A9E8-4BB7-A529-635B6336B587}.Ad-Hoc|x64.Deploy.0 = Release|x64
		{05E0F448-A9E8-4BB7-A529-635B6336B587}.Ad-Hoc|x86.ActiveCfg = Release|x86
		{05E0F448-A9E8-4BB7-A529-635B6336B587}.Ad-Hoc|x86.Build.0 = Release|x86
		{05E0F448-A9E8-4BB7-A529-635B6336B587}.Ad-Hoc|x86.Deploy.0 = Release|x86
		{05E0F448-A9E8-4BB7-A529-635B6336B587}.AppStore|Any CPU.ActiveCfg = Release|x64
		{05E0F448-A9E8-4BB7-A529-635B6336B587}.AppStore|Any CPU.Build.0 = Release|x64
		{05E0F448-A9E8-4BB7-A529-635B6336B587}.AppStore|Any CPU.Deploy.0 = Release|x64
		{05E0F448-A9E8-4BB7-A529-635B6336B587}.AppStore|ARM.ActiveCfg = Release|ARM
		{05E0F448-A9E8-4BB7-A529-635B6336B587}.AppStore|ARM.Build.0 = Release|ARM
		{05E0F448-A9E8-4BB7-A529-635B6336B587}.AppStore|ARM.Deploy.0 = Release|ARM
		{05E0F448-A9E8-4BB7-A529-635B6336B587}.AppStore|iPhone.ActiveCfg = Release|x64
		{05E0F448-A9E8-4BB7-A529-635B6336B587}.AppStore|iPhone.Build.0 = Release|x64
		{05E0F448-A9E8-4BB7-A529-635B6336B587}.AppStore|iPhone.Deploy.0 = Release|x64
		{05E0F448-A9E8-4BB7-A529-635B6336B587}.AppStore|iPhoneSimulator.ActiveCfg = Release|x64
		{05E0F448-A9E8-4BB7-A529-635B6336B587}.AppStore|iPhoneSimulator.Build.0 = Release|x64
		{05E0F448-A9E8-4BB7-A529-635B6336B587}.AppStore|iPhoneSimulator.Deploy.0 = Release|x64
		{05E0F448-A9E8-4BB7-A529-635B6336B587}.AppStore|x64.ActiveCfg = Release|x64
		{05E0F448-A9E8-4BB7-A529-635B6336B587}.AppStore|x64.Build.0 = Release|x64
		{05E0F448-A9E8-4BB7-A529-635B6336B587}.AppStore|x64.Deploy.0 = Release|x64
		{05E0F448-A9E8-4BB7-A529-635B6336B587}.AppStore|x86.ActiveCfg = Release|x86
		{05E0F448-A9E8-4BB7-A529-635B6336B587}.AppStore|x86.Build.0 = Release|x86
		{05E0F448-A9E8-4BB7-A529-635B6336B587}.AppStore|x86.Deploy.0 = Release|x86
		{05E0F448-A9E8-4BB7-A529-635B6336B587}.Debug|Any CPU.ActiveCfg = Debug|x86
		{05E0F448-A9E8-4BB7-A529-635B6336B587}.Debug|ARM.ActiveCfg = Debug|ARM
		{05E0F448-A9E8-4BB7-A529-635B6336B587}.Debug|ARM.Build.0 = Debug|ARM
		{05E0F448-A9E8-4BB7-A529-635B6336B587}.Debug|ARM.Deploy.0 = Debug|ARM
		{05E0F448-A9E8-4BB7-A529-635B6336B587}.Debug|iPhone.ActiveCfg = Debug|x86
		{05E0F448-A9E8-4BB7-A529-635B6336B587}.Debug|iPhoneSimulator.ActiveCfg = Debug|x86
		{05E0F448-A9E8-4BB7-A529-635B6336B587}.Debug|x64.ActiveCfg = Debug|x64
		{05E0F448-A9E8-4BB7-A529-635B6336B587}.Debug|x64.Build.0 = Debug|x64
		{05E0F448-A9E8-4BB7-A529-635B6336B587}.Debug|x64.Deploy.0 = Debug|x64
		{05E0F448-A9E8-4BB7-A529-635B6336B587}.Debug|x86.ActiveCfg = Debug|x86
		{05E0F448-A9E8-4BB7-A529-635B6336B587}.Debug|x86.Build.0 = Debug|x86
		{05E0F448-A9E8-4BB7-A529-635B6336B587}.Debug|x86.Deploy.0 = Debug|x86
		{05E0F448-A9E8-4BB7-A529-635B6336B587}.Release|Any CPU.ActiveCfg = Release|x86
		{05E0F448-A9E8-4BB7-A529-635B6336B587}.Release|ARM.ActiveCfg = Release|ARM
		{05E0F448-A9E8-4BB7-A529-635B6336B587}.Release|ARM.Build.0 = Release|ARM
		{05E0F448-A9E8-4BB7-A529-635B6336B587}.Release|ARM.Deploy.0 = Release|ARM
		{05E0F448-A9E8-4BB7-A529-635B6336B587}.Release|iPhone.ActiveCfg = Release|x86
		{05E0F448-A9E8-4BB7-A529-635B6336B587}.Release|iPhoneSimulator.ActiveCfg = Release|x86
		{05E0F448-A9E8-4BB7-A529-635B6336B587}.Release|x64.ActiveCfg = Release|x64
		{05E0F448-A9E8-4BB7-A529-635B6336B587}.Release|x64.Build.0 = Release|x64
		{05E0F448-A9E8-4BB7-A529-635B6336B587}.Release|x64.Deploy.0 = Release|x64
		{05E0F448-A9E8-4BB7-A529-635B6336B587}.Release|x86.ActiveCfg = Release|x86
		{05E0F448-A9E8-4BB7-A529-635B6336B587}.Release|x86.Build.0 = Release|x86
		{05E0F448-A9E8-4BB7-A529-635B6336B587}.Release|x86.Deploy.0 = Release|x86
		{D6EF779F-9BD8-4891-9301-598542EF877D}.Ad-Hoc|Any CPU.ActiveCfg = Debug|Any CPU
		{D6EF779F-9BD8-4891-9301-598542EF877D}.Ad-Hoc|Any CPU.Build.0 = Debug|Any CPU
		{D6EF779F-9BD8-4891-9301-598542EF877D}.Ad-Hoc|ARM.ActiveCfg = Debug|Any CPU
		{D6EF779F-9BD8-4891-9301-598542EF877D}.Ad-Hoc|ARM.Build.0 = Debug|Any CPU
		{D6EF779F-9BD8-4891-9301-598542EF877D}.Ad-Hoc|iPhone.ActiveCfg = Debug|Any CPU
		{D6EF779F-9BD8-4891-9301-598542EF877D}.Ad-Hoc|iPhone.Build.0 = Debug|Any CPU
		{D6EF779F-9BD8-4891-9301-598542EF877D}.Ad-Hoc|iPhoneSimulator.ActiveCfg = Debug|Any CPU
		{D6EF779F-9BD8-4891-9301-598542EF877D}.Ad-Hoc|iPhoneSimulator.Build.0 = Debug|Any CPU
		{D6EF779F-9BD8-4891-9301-598542EF877D}.Ad-Hoc|x64.ActiveCfg = Debug|Any CPU
		{D6EF779F-9BD8-4891-9301-598542EF877D}.Ad-Hoc|x64.Build.0 = Debug|Any CPU
		{D6EF779F-9BD8-4891-9301-598542EF877D}.Ad-Hoc|x86.ActiveCfg = Debug|Any CPU
		{D6EF779F-9BD8-4891-9301-598542EF877D}.Ad-Hoc|x86.Build.0 = Debug|Any CPU
		{D6EF779F-9BD8-4891-9301-598542EF877D}.AppStore|Any CPU.ActiveCfg = Debug|Any CPU
		{D6EF779F-9BD8-4891-9301-598542EF877D}.AppStore|Any CPU.Build.0 = Debug|Any CPU
		{D6EF779F-9BD8-4891-9301-598542EF877D}.AppStore|ARM.ActiveCfg = Debug|Any CPU
		{D6EF779F-9BD8-4891-9301-598542EF877D}.AppStore|ARM.Build.0 = Debug|Any CPU
		{D6EF779F-9BD8-4891-9301-598542EF877D}.AppStore|iPhone.ActiveCfg = Debug|Any CPU
		{D6EF779F-9BD8-4891-9301-598542EF877D}.AppStore|iPhone.Build.0 = Debug|Any CPU
		{D6EF779F-9BD8-4891-9301-598542EF877D}.AppStore|iPhoneSimulator.ActiveCfg = Debug|Any CPU
		{D6EF779F-9BD8-4891-9301-598542EF877D}.AppStore|iPhoneSimulator.Build.0 = Debug|Any CPU
		{D6EF779F-9BD8-4891-9301-598542EF877D}.AppStore|x64.ActiveCfg = Debug|Any CPU
		{D6EF779F-9BD8-4891-9301-598542EF877D}.AppStore|x64.Build.0 = Debug|Any CPU
		{D6EF779F-9BD8-4891-9301-598542EF877D}.AppStore|x86.ActiveCfg = Debug|Any CPU
		{D6EF779F-9BD8-4891-9301-598542EF877D}.AppStore|x86.Build.0 = Debug|Any CPU
		{D6EF779F-9BD8-4891-9301-598542EF877D}.Debug|Any CPU.ActiveCfg = Debug|Any CPU
		{D6EF779F-9BD8-4891-9301-598542EF877D}.Debug|Any CPU.Build.0 = Debug|Any CPU
		{D6EF779F-9BD8-4891-9301-598542EF877D}.Debug|ARM.ActiveCfg = Debug|Any CPU
		{D6EF779F-9BD8-4891-9301-598542EF877D}.Debug|ARM.Build.0 = Debug|Any CPU
		{D6EF779F-9BD8-4891-9301-598542EF877D}.Debug|iPhone.ActiveCfg = Debug|Any CPU
		{D6EF779F-9BD8-4891-9301-598542EF877D}.Debug|iPhone.Build.0 = Debug|Any CPU
		{D6EF779F-9BD8-4891-9301-598542EF877D}.Debug|iPhoneSimulator.ActiveCfg = Debug|Any CPU
		{D6EF779F-9BD8-4891-9301-598542EF877D}.Debug|iPhoneSimulator.Build.0 = Debug|Any CPU
		{D6EF779F-9BD8-4891-9301-598542EF877D}.Debug|x64.ActiveCfg = Debug|Any CPU
		{D6EF779F-9BD8-4891-9301-598542EF877D}.Debug|x64.Build.0 = Debug|Any CPU
		{D6EF779F-9BD8-4891-9301-598542EF877D}.Debug|x86.ActiveCfg = Debug|Any CPU
		{D6EF779F-9BD8-4891-9301-598542EF877D}.Debug|x86.Build.0 = Debug|Any CPU
		{D6EF779F-9BD8-4891-9301-598542EF877D}.Release|Any CPU.ActiveCfg = Release|Any CPU
		{D6EF779F-9BD8-4891-9301-598542EF877D}.Release|Any CPU.Build.0 = Release|Any CPU
		{D6EF779F-9BD8-4891-9301-598542EF877D}.Release|ARM.ActiveCfg = Release|Any CPU
		{D6EF779F-9BD8-4891-9301-598542EF877D}.Release|ARM.Build.0 = Release|Any CPU
		{D6EF779F-9BD8-4891-9301-598542EF877D}.Release|iPhone.ActiveCfg = Release|Any CPU
		{D6EF779F-9BD8-4891-9301-598542EF877D}.Release|iPhone.Build.0 = Release|Any CPU
		{D6EF779F-9BD8-4891-9301-598542EF877D}.Release|iPhoneSimulator.ActiveCfg = Release|Any CPU
		{D6EF779F-9BD8-4891-9301-598542EF877D}.Release|iPhoneSimulator.Build.0 = Release|Any CPU
		{D6EF779F-9BD8-4891-9301-598542EF877D}.Release|x64.ActiveCfg = Release|Any CPU
		{D6EF779F-9BD8-4891-9301-598542EF877D}.Release|x64.Build.0 = Release|Any CPU
		{D6EF779F-9BD8-4891-9301-598542EF877D}.Release|x86.ActiveCfg = Release|Any CPU
		{D6EF779F-9BD8-4891-9301-598542EF877D}.Release|x86.Build.0 = Release|Any CPU
	EndGlobalSection
	GlobalSection(SolutionProperties) = preSolution
		HideSolutionNode = FALSE
	EndGlobalSection
	GlobalSection(ExtensibilityGlobals) = postSolution
		SolutionGuid = {9984C796-1AC5-454E-853F-A6229410905E}
	EndGlobalSection
EndGlobal
